
Microsoft Visual Studio Solution File, Format Version 12.00
# Visual Studio Version 17
VisualStudioVersion = 17.5.33627.172
MinimumVisualStudioVersion = 10.0.40219.1
Project("{2150E333-8FDC-42A3-9474-1A3956D46DE8}") = "Feature", "Feature", "{EBD32547-E4EC-47C5-AD12-0188C2ECE110}"
EndProject
Project("{2150E333-8FDC-42A3-9474-1A3956D46DE8}") = "Foundation", "Foundation", "{D0DD1773-D94E-47FC-9310-952C4ECEF69A}"
EndProject
Project("{2150E333-8FDC-42A3-9474-1A3956D46DE8}") = "Project", "Project", "{7A4E2EF5-1270-4001-92CD-6BC37E046205}"
EndProject
Project("{2150E333-8FDC-42A3-9474-1A3956D46DE8}") = "Environment", "Environment", "{1EAAC5DE-019B-4D92-875D-6363F3BDEC88}"
	ProjectSection(SolutionItems) = preProject
		Packages.props = Packages.props
	EndProjectSection
EndProject
Project("{FAE04EC0-301F-11D3-BF4B-00C04F79EFBC}") = "Adani.SuperApp.Realty.Environment.Platform", "src\Environment\platform\Adani.SuperApp.Realty.Environment.Platform.csproj", "{5C1CE88D-4FA1-44A1-A87E-E2B406B1AACD}"
EndProject
Project("{2150E333-8FDC-42A3-9474-1A3956D46DE8}") = "SitecoreHelpers", "SitecoreHelpers", "{992A1AE6-0499-4F3F-BFB1-39092415E35A}"
EndProject
Project("{FAE04EC0-301F-11D3-BF4B-00C04F79EFBC}") = "Adani.SuperApp.Realty.Foundation.SitecoreHelper.Platform", "src\Foundation\SitecoreHelper\platform\Adani.SuperApp.Realty.Foundation.SitecoreHelper.Platform.csproj", "{918BC643-93A7-44F1-B9E5-DBA789291F16}"
EndProject
Project("{2150E333-8FDC-42A3-9474-1A3956D46DE8}") = "Carousel", "Carousel", "{4AC83BC5-FC79-4367-863D-53446D4B992E}"
EndProject
Project("{FAE04EC0-301F-11D3-BF4B-00C04F79EFBC}") = "Adani.SuperApp.Realty.Feature.Carousel.Platform", "src\Feature\Carousel\platform\Adani.SuperApp.Realty.Feature.Carousel.Platform.csproj", "{1197CF79-4121-4952-8C36-EC90D00DFF56}"
EndProject
Project("{2150E333-8FDC-42A3-9474-1A3956D46DE8}") = "Widget", "Widget", "{25E95A88-F460-4101-851F-49881E6EF67A}"
	ProjectSection(SolutionItems) = preProject
		src\Feature\Navigation\platform\Web.config = src\Feature\Navigation\platform\Web.config
	EndProjectSection
EndProject
Project("{FAE04EC0-301F-11D3-BF4B-00C04F79EFBC}") = "Adani.SuperApp.Realty.Feature.Widget.Platform", "src\Feature\Widget\platform\Adani.SuperApp.Realty.Feature.Widget.Platform.csproj", "{7C3A5F96-F339-4B37-9744-9997D9C10CC4}"
EndProject
Project("{2150E333-8FDC-42A3-9474-1A3956D46DE8}") = "Logging", "Logging", "{CF1C8060-B59A-4F78-B9D2-75FFCB342C96}"
EndProject
Project("{2150E333-8FDC-42A3-9474-1A3956D46DE8}") = "Navigation", "Navigation", "{C6460620-CC63-4BF9-92F1-CDE67733187D}"
EndProject
Project("{FAE04EC0-301F-11D3-BF4B-00C04F79EFBC}") = "Adani.SuperApp.Realty.Feature.Navigation.Platform", "src\Feature\Navigation\platform\Adani.SuperApp.Realty.Feature.Navigation.Platform.csproj", "{514826A6-8560-4873-98FA-152F40D8FCDE}"
EndProject
Project("{2150E333-8FDC-42A3-9474-1A3956D46DE8}") = "Filter", "Filter", "{1932B264-2D44-41FC-B03C-5C8FCFA3F4FF}"
EndProject
Project("{FAE04EC0-301F-11D3-BF4B-00C04F79EFBC}") = "Adani.SuperApp.Realty.Feature.Filters.Platform", "src\Feature\Filters\platform\Adani.SuperApp.Realty.Feature.Filters.Platform.csproj", "{4983FE6B-0407-4FD8-B109-C5D728E98E68}"
EndProject
Project("{2150E333-8FDC-42A3-9474-1A3956D46DE8}") = "Realty", "Realty", "{D1B6135A-C6FE-4688-8A73-6CC2BB70FC61}"
EndProject
Project("{FAE04EC0-301F-11D3-BF4B-00C04F79EFBC}") = "Adani.SuperApp.Realty.Project.Realty.Platform", "src\Project\Realty\platform\Adani.SuperApp.Realty.Project.Realty.Platform.csproj", "{FCC1C411-1E37-4AC5-9DD4-437A779554B3}"
EndProject
Project("{2150E333-8FDC-42A3-9474-1A3956D46DE8}") = "Faq", "Faq", "{757BCD41-6A3E-476B-82F5-1542D4FEEA68}"
EndProject
Project("{FAE04EC0-301F-11D3-BF4B-00C04F79EFBC}") = "Adani.SuperApp.Realty.Feature.Faq.Platform", "src\Feature\Faq\platform\Adani.SuperApp.Realty.Feature.Faq.Platform.csproj", "{100157A5-852A-4F14-9435-E34AB51A8EA6}"
EndProject
Project("{2150E333-8FDC-42A3-9474-1A3956D46DE8}") = "Configuration", "Configuration", "{EE18212C-1B2B-4890-82A2-119CFA0C4627}"
EndProject
Project("{FAE04EC0-301F-11D3-BF4B-00C04F79EFBC}") = "Adani.SuperApp.Realty.Feature.Configuration.Platform", "src\Feature\Configuration\platform\Adani.SuperApp.Realty.Feature.Configuration.Platform.csproj", "{FCE406DC-4067-49EE-B6E1-08F93EAEB265}"
EndProject
Project("{2150E333-8FDC-42A3-9474-1A3956D46DE8}") = "Career", "Career", "{DE750AEC-C03C-4361-9BC5-4333ADD5FF4B}"
EndProject
Project("{FAE04EC0-301F-11D3-BF4B-00C04F79EFBC}") = "Adani.SuperApp.Realty.Feature.Career.Platform", "src\Feature\Career\platform\Adani.SuperApp.Realty.Feature.Career.Platform.csproj", "{1F5A0170-6662-470B-B23A-0EC6524724DD}"
EndProject
Project("{2150E333-8FDC-42A3-9474-1A3956D46DE8}") = "Leaders", "Leaders", "{34BEBB44-0BD3-43A2-B1C9-4F71945FAE81}"
EndProject
Project("{FAE04EC0-301F-11D3-BF4B-00C04F79EFBC}") = "Adani.SuperApp.Realty.Feature.Leaders.Platform", "src\Feature\Leaders\platform\Adani.SuperApp.Realty.Feature.Leaders.Platform.csproj", "{7373A1E2-37EC-4E7A-82C0-4CAD74D847E8}"
EndProject
Project("{2150E333-8FDC-42A3-9474-1A3956D46DE8}") = "ContentSnippets", "ContentSnippets", "{CE6903DF-A76E-4B9B-8B05-AA3301F2A71C}"
EndProject
Project("{FAE04EC0-301F-11D3-BF4B-00C04F79EFBC}") = "Adani.SuperApp.Realty.Feature.ContentSnippets.Platform", "src\Feature\ContentSnippets\platform\Adani.SuperApp.Realty.Feature.ContentSnippets.Platform.csproj", "{7C029915-2262-40E1-B3D1-09CA8CB33A5D}"
EndProject
Project("{2150E333-8FDC-42A3-9474-1A3956D46DE8}") = "Property", "Property", "{CB438FE0-4DA6-400C-B77F-FEAD4FDD465C}"
EndProject
Project("{FAE04EC0-301F-11D3-BF4B-00C04F79EFBC}") = "Adani.SuperApp.Realty.Feature.Property.Platform", "src\Feature\Property\platform\Adani.SuperApp.Realty.Feature.Property.Platform.csproj", "{3E0216B1-C38E-458B-93B2-0F100049A1F3}"
EndProject
Project("{2150E333-8FDC-42A3-9474-1A3956D46DE8}") = "Search", "Search", "{37223B9A-1E9E-443B-A1D2-1CE191A3FED4}"
EndProject
Project("{FAE04EC0-301F-11D3-BF4B-00C04F79EFBC}") = "Adani.SuperApp.Realty.Foundation.Search.Platform", "src\Foundation\Search\platform\Adani.SuperApp.Realty.Foundation.Search.Platform.csproj", "{BB236970-8BBE-4B93-B687-06200711F3D2}"
EndProject
Project("{2150E333-8FDC-42A3-9474-1A3956D46DE8}") = "Blog", "Blog", "{B733A150-C077-4432-863F-3919784115D0}"
EndProject
Project("{FAE04EC0-301F-11D3-BF4B-00C04F79EFBC}") = "Adani.SuperApp.Realty.Feature.Blog.Platform", "src\Feature\Blog\platform\Adani.SuperApp.Realty.Feature.Blog.Platform.csproj", "{9B368832-8FFC-4A52-8A69-AC6B5C70793B}"
EndProject
Project("{2150E333-8FDC-42A3-9474-1A3956D46DE8}") = "Sitemap", "Sitemap", "{F44B8592-93F2-48DA-8FB9-F64D8D7F7A82}"
EndProject
Project("{FAE04EC0-301F-11D3-BF4B-00C04F79EFBC}") = "Adani.SuperApp.Realty.Feature.Sitemap.Platform", "src\Feature\Sitemap\platform\Adani.SuperApp.Realty.Feature.Sitemap.Platform.csproj", "{3D244A91-9117-425E-BFFB-7FD8B659A333}"
EndProject
Project("{2150E333-8FDC-42A3-9474-1A3956D46DE8}") = "landingpages", "landingpages", "{79836967-07F0-4266-A761-1E6DA1DF29CF}"
EndProject
Project("{FAE04EC0-301F-11D3-BF4B-00C04F79EFBC}") = "Adani.SuperApp.Realty.Project.landingpages.Platform", "src\Project\landingpages\platform\Adani.SuperApp.Realty.Project.landingpages.Platform.csproj", "{A910E3DF-87DB-4BBD-8CF6-D11A8F2BFE9A}"
EndProject
Project("{9A19103F-16F7-4668-BE54-9A1E7A4F7556}") = "Adani.SuperApp.Realty.Foundation.Logging.Platform", "src\Foundation\Logging\platform\Adani.SuperApp.Realty.Foundation.Logging.Platform.csproj", "{C75E5DA6-B189-4352-8A87-2C290E16B389}"
EndProject
Project("{2150E333-8FDC-42A3-9474-1A3956D46DE8}") = "AdaniEV", "AdaniEV", "{899A24D7-DF3B-4D53-930F-3D5BFAD29ECA}"
EndProject
Project("{2150E333-8FDC-42A3-9474-1A3956D46DE8}") = "Adaniwelspun", "Adaniwelspun", "{BD2C5373-9EB6-4B30-A6C9-E8A8F3B152A3}"
EndProject
Project("{FAE04EC0-301F-11D3-BF4B-00C04F79EFBC}") = "Adani.BAU.AdaniWelspunSXA.Project", "src\Project\AdaniWelspun\platform\Adani.BAU.AdaniWelspunSXA.Project.csproj", "{4BECD576-87E7-4DC5-A592-FD92BF3DF594}"
EndProject
Project("{FAE04EC0-301F-11D3-BF4B-00C04F79EFBC}") = "Adani.EV.Project", "src\Project\AdaniEV\platform\Adani.EV.Project.csproj", "{0AB85AAE-206F-4791-A41A-B57A28D2C49D}"
EndProject
Project("{2150E333-8FDC-42A3-9474-1A3956D46DE8}") = "AdaniInternationalSchool", "AdaniInternationalSchool", "{A60257C7-0DF2-4ACE-A4C0-5C15802E8766}"
EndProject
Project("{FAE04EC0-301F-11D3-BF4B-00C04F79EFBC}") = "Project.AdaniInternationalSchool.Website", "src\Project\AdaniInternationalSchool\platform\Project.AdaniInternationalSchool.Website.csproj", "{003E7CF1-AAC9-41CC-9DCC-953CADD48A8E}"
EndProject
Project("{2150E333-8FDC-42A3-9474-1A3956D46DE8}") = "Sitecore.foundation.Email", "Sitecore.foundation.Email", "{F248417C-79BC-49A1-B0C3-BACF4B03F30D}"
EndProject
Project("{FAE04EC0-301F-11D3-BF4B-00C04F79EFBC}") = "Sitecore.Foundation.Email", "src\Foundation\Sitecore.Foundation.Email\platform\Sitecore.Foundation.Email.csproj", "{CFDBF051-31BF-414E-9B71-6CB6369A2296}"
EndProject
Project("{2150E333-8FDC-42A3-9474-1A3956D46DE8}") = "Serialization", "Serialization", "{8C08D2A6-E468-471F-943F-9E06D0A6AF57}"
EndProject
Project("{FAE04EC0-301F-11D3-BF4B-00C04F79EFBC}") = "Adani.SuperApp.Realty.Foundation.Serialization.Platform", "src\Foundation\Serialization\platform\Adani.SuperApp.Realty.Foundation.Serialization.Platform.csproj", "{24C40421-2A0D-45B2-885D-750652EE25BA}"
EndProject
Project("{2150E333-8FDC-42A3-9474-1A3956D46DE8}") = "AdaniUpdates", "AdaniUpdates", "{61D2EDD3-4C68-4544-A74A-A90DF39D7077}"
EndProject
Project("{FAE04EC0-301F-11D3-BF4B-00C04F79EFBC}") = "Adani.BAU.AdaniUpdates.Project", "src\Project\AdaniUpdates\Platform\Adani.BAU.AdaniUpdates.Project\Adani.BAU.AdaniUpdates.Project.csproj", "{79120EC9-6025-4AC0-9A61-0490A8D05ACC}"
EndProject
Project("{2150E333-8FDC-42A3-9474-1A3956D46DE8}") = "Common", "Common", "{8133C247-B8A2-4DE6-8D21-6912A905C18E}"
EndProject
Project("{FAE04EC0-301F-11D3-BF4B-00C04F79EFBC}") = "Adani.Feature.Common", "src\Feature\Common\platform\Adani.Feature.Common\Adani.Feature.Common.csproj", "{15A46933-9AA5-49F7-9D42-5ABF71088FD3}"
EndProject
Project("{2150E333-8FDC-42A3-9474-1A3956D46DE8}") = "Messaging", "Messaging", "{26F5035C-3958-4750-9768-1560D512036B}"
EndProject
Project("{FAE04EC0-301F-11D3-BF4B-00C04F79EFBC}") = "Adani.Foundation.Messaging", "src\Foundation\Messaging\platform\Adani.Foundation.Messaging.csproj", "{15F440E2-CF00-45C3-AC31-9E28BC029EA7}"
EndProject
Project("{2150E333-8FDC-42A3-9474-1A3956D46DE8}") = "Mining", "Mining", "{84EF8557-6B28-460B-A8BD-CBF196630866}"
EndProject
Project("{FAE04EC0-301F-11D3-BF4B-00C04F79EFBC}") = "Project.Mining.Website", "src\Project\Mining\platform\NetFramework\Project.Mining.Website.csproj", "{BC45A99E-FF3B-4DC3-AE18-F4EB857D04E3}"
EndProject
Project("{9A19103F-16F7-4668-BE54-9A1E7A4F7556}") = "Project.MiningRenderingHost.Website", "src\Project\Mining\platform\DotNetCore\Project.MiningRenderingHost.Website.csproj", "{51C5D973-DA4F-4852-BA3B-4BDA1649F408}"
EndProject
Project("{2150E333-8FDC-42A3-9474-1A3956D46DE8}") = "AAHL", "AAHL", "{4DBC19B6-4DB7-415B-B280-D1FAD70F46CB}"
EndProject
Project("{FAE04EC0-301F-11D3-BF4B-00C04F79EFBC}") = "Project.AAHL.Website", "src\Project\AAHL\platform\Project.AAHL.Website.csproj", "{6B0AAA9F-613B-44D5-BD66-BA908F5BE955}"
EndProject
Project("{2150E333-8FDC-42A3-9474-1A3956D46DE8}") = "Ambuja", "Ambuja", "{E923CDBB-6E08-47C7-BDBA-4E3E7FB506A3}"
EndProject
Project("{FAE04EC0-301F-11D3-BF4B-00C04F79EFBC}") = "Project.AmbujaCement.Website", "src\Project\Ambuja\platform\Project.AmbujaCement.Website.csproj", "{5581BA78-1B60-4F1F-B5FA-4E5688069003}"
EndProject
Project("{2150E333-8FDC-42A3-9474-1A3956D46DE8}") = "JSSComponents", "JSSComponents", "{8CB6BB39-906D-46F7-ACFE-39275E1D78D0}"
EndProject
Project("{FAE04EC0-301F-11D3-BF4B-00C04F79EFBC}") = "Adani.SuperApp.Realty.Feature.JSSComponents.Platform", "src\Feature\JSSComponents\platform\Adani.SuperApp.Realty.Feature.JSSComponents.Platform.csproj", "{1DBEAE81-F27D-4783-A7CC-1419E511518D}"
EndProject
Project("{2150E333-8FDC-42A3-9474-1A3956D46DE8}") = "SEO", "SEO", "{F1B49CF8-2F45-40F6-9E19-320076B3377C}"
EndProject
Project("{FAE04EC0-301F-11D3-BF4B-00C04F79EFBC}") = "Sitecore.Feature.SEO", "src\Feature\SEO\platform\Sitecore.Feature.SEO.csproj", "{88B8C3C2-35BB-408B-BFCE-811A05C44981}"
EndProject
Global
	GlobalSection(SolutionConfigurationPlatforms) = preSolution
		Debug|Any CPU = Debug|Any CPU
		Release|Any CPU = Release|Any CPU
	EndGlobalSection
	GlobalSection(ProjectConfigurationPlatforms) = postSolution
		{5C1CE88D-4FA1-44A1-A87E-E2B406B1AACD}.Debug|Any CPU.ActiveCfg = Debug|Any CPU
		{5C1CE88D-4FA1-44A1-A87E-E2B406B1AACD}.Debug|Any CPU.Build.0 = Debug|Any CPU
		{5C1CE88D-4FA1-44A1-A87E-E2B406B1AACD}.Release|Any CPU.ActiveCfg = Release|Any CPU
		{5C1CE88D-4FA1-44A1-A87E-E2B406B1AACD}.Release|Any CPU.Build.0 = Release|Any CPU
		{918BC643-93A7-44F1-B9E5-DBA789291F16}.Debug|Any CPU.ActiveCfg = Debug|Any CPU
		{918BC643-93A7-44F1-B9E5-DBA789291F16}.Debug|Any CPU.Build.0 = Debug|Any CPU
		{918BC643-93A7-44F1-B9E5-DBA789291F16}.Release|Any CPU.ActiveCfg = Release|Any CPU
		{918BC643-93A7-44F1-B9E5-DBA789291F16}.Release|Any CPU.Build.0 = Release|Any CPU
		{1197CF79-4121-4952-8C36-EC90D00DFF56}.Debug|Any CPU.ActiveCfg = Debug|Any CPU
		{1197CF79-4121-4952-8C36-EC90D00DFF56}.Debug|Any CPU.Build.0 = Debug|Any CPU
		{1197CF79-4121-4952-8C36-EC90D00DFF56}.Release|Any CPU.ActiveCfg = Release|Any CPU
		{1197CF79-4121-4952-8C36-EC90D00DFF56}.Release|Any CPU.Build.0 = Release|Any CPU
		{7C3A5F96-F339-4B37-9744-9997D9C10CC4}.Debug|Any CPU.ActiveCfg = Debug|Any CPU
		{7C3A5F96-F339-4B37-9744-9997D9C10CC4}.Debug|Any CPU.Build.0 = Debug|Any CPU
		{7C3A5F96-F339-4B37-9744-9997D9C10CC4}.Release|Any CPU.ActiveCfg = Release|Any CPU
		{7C3A5F96-F339-4B37-9744-9997D9C10CC4}.Release|Any CPU.Build.0 = Release|Any CPU
		{514826A6-8560-4873-98FA-152F40D8FCDE}.Debug|Any CPU.ActiveCfg = Debug|Any CPU
		{514826A6-8560-4873-98FA-152F40D8FCDE}.Debug|Any CPU.Build.0 = Debug|Any CPU
		{514826A6-8560-4873-98FA-152F40D8FCDE}.Release|Any CPU.ActiveCfg = Release|Any CPU
		{514826A6-8560-4873-98FA-152F40D8FCDE}.Release|Any CPU.Build.0 = Release|Any CPU
		{4983FE6B-0407-4FD8-B109-C5D728E98E68}.Debug|Any CPU.ActiveCfg = Debug|Any CPU
		{4983FE6B-0407-4FD8-B109-C5D728E98E68}.Debug|Any CPU.Build.0 = Debug|Any CPU
		{4983FE6B-0407-4FD8-B109-C5D728E98E68}.Release|Any CPU.ActiveCfg = Release|Any CPU
		{4983FE6B-0407-4FD8-B109-C5D728E98E68}.Release|Any CPU.Build.0 = Release|Any CPU
		{FCC1C411-1E37-4AC5-9DD4-437A779554B3}.Debug|Any CPU.ActiveCfg = Debug|Any CPU
		{FCC1C411-1E37-4AC5-9DD4-437A779554B3}.Debug|Any CPU.Build.0 = Debug|Any CPU
		{FCC1C411-1E37-4AC5-9DD4-437A779554B3}.Release|Any CPU.ActiveCfg = Release|Any CPU
		{FCC1C411-1E37-4AC5-9DD4-437A779554B3}.Release|Any CPU.Build.0 = Release|Any CPU
		{100157A5-852A-4F14-9435-E34AB51A8EA6}.Debug|Any CPU.ActiveCfg = Debug|Any CPU
		{100157A5-852A-4F14-9435-E34AB51A8EA6}.Debug|Any CPU.Build.0 = Debug|Any CPU
		{100157A5-852A-4F14-9435-E34AB51A8EA6}.Release|Any CPU.ActiveCfg = Release|Any CPU
		{100157A5-852A-4F14-9435-E34AB51A8EA6}.Release|Any CPU.Build.0 = Release|Any CPU
		{FCE406DC-4067-49EE-B6E1-08F93EAEB265}.Debug|Any CPU.ActiveCfg = Debug|Any CPU
		{FCE406DC-4067-49EE-B6E1-08F93EAEB265}.Debug|Any CPU.Build.0 = Debug|Any CPU
		{FCE406DC-4067-49EE-B6E1-08F93EAEB265}.Release|Any CPU.ActiveCfg = Release|Any CPU
		{FCE406DC-4067-49EE-B6E1-08F93EAEB265}.Release|Any CPU.Build.0 = Release|Any CPU
		{1F5A0170-6662-470B-B23A-0EC6524724DD}.Debug|Any CPU.ActiveCfg = Debug|Any CPU
		{1F5A0170-6662-470B-B23A-0EC6524724DD}.Debug|Any CPU.Build.0 = Debug|Any CPU
		{1F5A0170-6662-470B-B23A-0EC6524724DD}.Release|Any CPU.ActiveCfg = Release|Any CPU
		{1F5A0170-6662-470B-B23A-0EC6524724DD}.Release|Any CPU.Build.0 = Release|Any CPU
		{7373A1E2-37EC-4E7A-82C0-4CAD74D847E8}.Debug|Any CPU.ActiveCfg = Debug|Any CPU
		{7373A1E2-37EC-4E7A-82C0-4CAD74D847E8}.Debug|Any CPU.Build.0 = Debug|Any CPU
		{7373A1E2-37EC-4E7A-82C0-4CAD74D847E8}.Release|Any CPU.ActiveCfg = Release|Any CPU
		{7373A1E2-37EC-4E7A-82C0-4CAD74D847E8}.Release|Any CPU.Build.0 = Release|Any CPU
		{7C029915-2262-40E1-B3D1-09CA8CB33A5D}.Debug|Any CPU.ActiveCfg = Debug|Any CPU
		{7C029915-2262-40E1-B3D1-09CA8CB33A5D}.Debug|Any CPU.Build.0 = Debug|Any CPU
		{7C029915-2262-40E1-B3D1-09CA8CB33A5D}.Release|Any CPU.ActiveCfg = Release|Any CPU
		{7C029915-2262-40E1-B3D1-09CA8CB33A5D}.Release|Any CPU.Build.0 = Release|Any CPU
		{3E0216B1-C38E-458B-93B2-0F100049A1F3}.Debug|Any CPU.ActiveCfg = Debug|Any CPU
		{3E0216B1-C38E-458B-93B2-0F100049A1F3}.Debug|Any CPU.Build.0 = Debug|Any CPU
		{3E0216B1-C38E-458B-93B2-0F100049A1F3}.Release|Any CPU.ActiveCfg = Release|Any CPU
		{3E0216B1-C38E-458B-93B2-0F100049A1F3}.Release|Any CPU.Build.0 = Release|Any CPU
		{BB236970-8BBE-4B93-B687-06200711F3D2}.Debug|Any CPU.ActiveCfg = Debug|Any CPU
		{BB236970-8BBE-4B93-B687-06200711F3D2}.Debug|Any CPU.Build.0 = Debug|Any CPU
		{BB236970-8BBE-4B93-B687-06200711F3D2}.Release|Any CPU.ActiveCfg = Release|Any CPU
		{BB236970-8BBE-4B93-B687-06200711F3D2}.Release|Any CPU.Build.0 = Release|Any CPU
		{9B368832-8FFC-4A52-8A69-AC6B5C70793B}.Debug|Any CPU.ActiveCfg = Debug|Any CPU
		{9B368832-8FFC-4A52-8A69-AC6B5C70793B}.Debug|Any CPU.Build.0 = Debug|Any CPU
		{9B368832-8FFC-4A52-8A69-AC6B5C70793B}.Release|Any CPU.ActiveCfg = Release|Any CPU
		{9B368832-8FFC-4A52-8A69-AC6B5C70793B}.Release|Any CPU.Build.0 = Release|Any CPU
		{3D244A91-9117-425E-BFFB-7FD8B659A333}.Debug|Any CPU.ActiveCfg = Debug|Any CPU
		{3D244A91-9117-425E-BFFB-7FD8B659A333}.Debug|Any CPU.Build.0 = Debug|Any CPU
		{3D244A91-9117-425E-BFFB-7FD8B659A333}.Release|Any CPU.ActiveCfg = Release|Any CPU
		{3D244A91-9117-425E-BFFB-7FD8B659A333}.Release|Any CPU.Build.0 = Release|Any CPU
		{A910E3DF-87DB-4BBD-8CF6-D11A8F2BFE9A}.Debug|Any CPU.ActiveCfg = Debug|Any CPU
		{A910E3DF-87DB-4BBD-8CF6-D11A8F2BFE9A}.Debug|Any CPU.Build.0 = Debug|Any CPU
		{A910E3DF-87DB-4BBD-8CF6-D11A8F2BFE9A}.Release|Any CPU.ActiveCfg = Release|Any CPU
		{A910E3DF-87DB-4BBD-8CF6-D11A8F2BFE9A}.Release|Any CPU.Build.0 = Release|Any CPU
		{C75E5DA6-B189-4352-8A87-2C290E16B389}.Debug|Any CPU.ActiveCfg = Debug|Any CPU
		{C75E5DA6-B189-4352-8A87-2C290E16B389}.Debug|Any CPU.Build.0 = Debug|Any CPU
		{C75E5DA6-B189-4352-8A87-2C290E16B389}.Release|Any CPU.ActiveCfg = Release|Any CPU
		{C75E5DA6-B189-4352-8A87-2C290E16B389}.Release|Any CPU.Build.0 = Release|Any CPU
		{4BECD576-87E7-4DC5-A592-FD92BF3DF594}.Debug|Any CPU.ActiveCfg = Debug|Any CPU
		{4BECD576-87E7-4DC5-A592-FD92BF3DF594}.Debug|Any CPU.Build.0 = Debug|Any CPU
		{4BECD576-87E7-4DC5-A592-FD92BF3DF594}.Release|Any CPU.ActiveCfg = Release|Any CPU
		{4BECD576-87E7-4DC5-A592-FD92BF3DF594}.Release|Any CPU.Build.0 = Release|Any CPU
		{0AB85AAE-206F-4791-A41A-B57A28D2C49D}.Debug|Any CPU.ActiveCfg = Debug|Any CPU
		{0AB85AAE-206F-4791-A41A-B57A28D2C49D}.Debug|Any CPU.Build.0 = Debug|Any CPU
		{0AB85AAE-206F-4791-A41A-B57A28D2C49D}.Release|Any CPU.ActiveCfg = Release|Any CPU
		{0AB85AAE-206F-4791-A41A-B57A28D2C49D}.Release|Any CPU.Build.0 = Release|Any CPU
		{003E7CF1-AAC9-41CC-9DCC-953CADD48A8E}.Debug|Any CPU.ActiveCfg = Debug|Any CPU
		{003E7CF1-AAC9-41CC-9DCC-953CADD48A8E}.Debug|Any CPU.Build.0 = Debug|Any CPU
		{003E7CF1-AAC9-41CC-9DCC-953CADD48A8E}.Release|Any CPU.ActiveCfg = Release|Any CPU
		{003E7CF1-AAC9-41CC-9DCC-953CADD48A8E}.Release|Any CPU.Build.0 = Release|Any CPU
		{CFDBF051-31BF-414E-9B71-6CB6369A2296}.Debug|Any CPU.ActiveCfg = Debug|Any CPU
		{CFDBF051-31BF-414E-9B71-6CB6369A2296}.Debug|Any CPU.Build.0 = Debug|Any CPU
		{CFDBF051-31BF-414E-9B71-6CB6369A2296}.Release|Any CPU.ActiveCfg = Release|Any CPU
		{CFDBF051-31BF-414E-9B71-6CB6369A2296}.Release|Any CPU.Build.0 = Release|Any CPU
		{24C40421-2A0D-45B2-885D-750652EE25BA}.Debug|Any CPU.ActiveCfg = Debug|Any CPU
		{24C40421-2A0D-45B2-885D-750652EE25BA}.Debug|Any CPU.Build.0 = Debug|Any CPU
		{24C40421-2A0D-45B2-885D-750652EE25BA}.Release|Any CPU.ActiveCfg = Release|Any CPU
		{24C40421-2A0D-45B2-885D-750652EE25BA}.Release|Any CPU.Build.0 = Release|Any CPU
		{79120EC9-6025-4AC0-9A61-0490A8D05ACC}.Debug|Any CPU.ActiveCfg = Debug|Any CPU
		{79120EC9-6025-4AC0-9A61-0490A8D05ACC}.Debug|Any CPU.Build.0 = Debug|Any CPU
		{79120EC9-6025-4AC0-9A61-0490A8D05ACC}.Release|Any CPU.ActiveCfg = Release|Any CPU
		{79120EC9-6025-4AC0-9A61-0490A8D05ACC}.Release|Any CPU.Build.0 = Release|Any CPU
		{15A46933-9AA5-49F7-9D42-5ABF71088FD3}.Debug|Any CPU.ActiveCfg = Debug|Any CPU
		{15A46933-9AA5-49F7-9D42-5ABF71088FD3}.Debug|Any CPU.Build.0 = Debug|Any CPU
		{15A46933-9AA5-49F7-9D42-5ABF71088FD3}.Release|Any CPU.ActiveCfg = Release|Any CPU
		{15A46933-9AA5-49F7-9D42-5ABF71088FD3}.Release|Any CPU.Build.0 = Release|Any CPU
		{15F440E2-CF00-45C3-AC31-9E28BC029EA7}.Debug|Any CPU.ActiveCfg = Debug|Any CPU
		{15F440E2-CF00-45C3-AC31-9E28BC029EA7}.Debug|Any CPU.Build.0 = Debug|Any CPU
		{15F440E2-CF00-45C3-AC31-9E28BC029EA7}.Release|Any CPU.ActiveCfg = Release|Any CPU
		{15F440E2-CF00-45C3-AC31-9E28BC029EA7}.Release|Any CPU.Build.0 = Release|Any CPU
		{BC45A99E-FF3B-4DC3-AE18-F4EB857D04E3}.Debug|Any CPU.ActiveCfg = Debug|Any CPU
		{BC45A99E-FF3B-4DC3-AE18-F4EB857D04E3}.Debug|Any CPU.Build.0 = Debug|Any CPU
		{BC45A99E-FF3B-4DC3-AE18-F4EB857D04E3}.Release|Any CPU.ActiveCfg = Release|Any CPU
		{BC45A99E-FF3B-4DC3-AE18-F4EB857D04E3}.Release|Any CPU.Build.0 = Release|Any CPU
		{51C5D973-DA4F-4852-BA3B-4BDA1649F408}.Debug|Any CPU.ActiveCfg = Debug|Any CPU
		{51C5D973-DA4F-4852-BA3B-4BDA1649F408}.Debug|Any CPU.Build.0 = Debug|Any CPU
		{51C5D973-DA4F-4852-BA3B-4BDA1649F408}.Release|Any CPU.ActiveCfg = Release|Any CPU
		{51C5D973-DA4F-4852-BA3B-4BDA1649F408}.Release|Any CPU.Build.0 = Release|Any CPU
		{6B0AAA9F-613B-44D5-BD66-BA908F5BE955}.Debug|Any CPU.ActiveCfg = Debug|Any CPU
		{6B0AAA9F-613B-44D5-BD66-BA908F5BE955}.Debug|Any CPU.Build.0 = Debug|Any CPU
		{6B0AAA9F-613B-44D5-BD66-BA908F5BE955}.Release|Any CPU.ActiveCfg = Release|Any CPU
		{6B0AAA9F-613B-44D5-BD66-BA908F5BE955}.Release|Any CPU.Build.0 = Release|Any CPU
		{5581BA78-1B60-4F1F-B5FA-4E5688069003}.Debug|Any CPU.ActiveCfg = Debug|Any CPU
		{5581BA78-1B60-4F1F-B5FA-4E5688069003}.Debug|Any CPU.Build.0 = Debug|Any CPU
		{5581BA78-1B60-4F1F-B5FA-4E5688069003}.Release|Any CPU.ActiveCfg = Release|Any CPU
		{5581BA78-1B60-4F1F-B5FA-4E5688069003}.Release|Any CPU.Build.0 = Release|Any CPU
		{1DBEAE81-F27D-4783-A7CC-1419E511518D}.Debug|Any CPU.ActiveCfg = Debug|Any CPU
		{1DBEAE81-F27D-4783-A7CC-1419E511518D}.Debug|Any CPU.Build.0 = Debug|Any CPU
		{1DBEAE81-F27D-4783-A7CC-1419E511518D}.Release|Any CPU.ActiveCfg = Release|Any CPU
		{1DBEAE81-F27D-4783-A7CC-1419E511518D}.Release|Any CPU.Build.0 = Release|Any CPU
		{88B8C3C2-35BB-408B-BFCE-811A05C44981}.Debug|Any CPU.ActiveCfg = Debug|Any CPU
		{88B8C3C2-35BB-408B-BFCE-811A05C44981}.Debug|Any CPU.Build.0 = Debug|Any CPU
		{88B8C3C2-35BB-408B-BFCE-811A05C44981}.Release|Any CPU.ActiveCfg = Release|Any CPU
		{88B8C3C2-35BB-408B-BFCE-811A05C44981}.Release|Any CPU.Build.0 = Release|Any CPU
	EndGlobalSection
	GlobalSection(SolutionProperties) = preSolution
		HideSolutionNode = FALSE
	EndGlobalSection
	GlobalSection(NestedProjects) = preSolution
		{5C1CE88D-4FA1-44A1-A87E-E2B406B1AACD} = {1EAAC5DE-019B-4D92-875D-6363F3BDEC88}
		{992A1AE6-0499-4F3F-BFB1-39092415E35A} = {D0DD1773-D94E-47FC-9310-952C4ECEF69A}
		{918BC643-93A7-44F1-B9E5-DBA789291F16} = {992A1AE6-0499-4F3F-BFB1-39092415E35A}
		{4AC83BC5-FC79-4367-863D-53446D4B992E} = {EBD32547-E4EC-47C5-AD12-0188C2ECE110}
		{1197CF79-4121-4952-8C36-EC90D00DFF56} = {4AC83BC5-FC79-4367-863D-53446D4B992E}
		{25E95A88-F460-4101-851F-49881E6EF67A} = {EBD32547-E4EC-47C5-AD12-0188C2ECE110}
		{7C3A5F96-F339-4B37-9744-9997D9C10CC4} = {25E95A88-F460-4101-851F-49881E6EF67A}
		{CF1C8060-B59A-4F78-B9D2-75FFCB342C96} = {D0DD1773-D94E-47FC-9310-952C4ECEF69A}
		{C6460620-CC63-4BF9-92F1-CDE67733187D} = {EBD32547-E4EC-47C5-AD12-0188C2ECE110}
		{514826A6-8560-4873-98FA-152F40D8FCDE} = {C6460620-CC63-4BF9-92F1-CDE67733187D}
		{1932B264-2D44-41FC-B03C-5C8FCFA3F4FF} = {EBD32547-E4EC-47C5-AD12-0188C2ECE110}
		{4983FE6B-0407-4FD8-B109-C5D728E98E68} = {1932B264-2D44-41FC-B03C-5C8FCFA3F4FF}
		{D1B6135A-C6FE-4688-8A73-6CC2BB70FC61} = {7A4E2EF5-1270-4001-92CD-6BC37E046205}
		{FCC1C411-1E37-4AC5-9DD4-437A779554B3} = {D1B6135A-C6FE-4688-8A73-6CC2BB70FC61}
		{757BCD41-6A3E-476B-82F5-1542D4FEEA68} = {EBD32547-E4EC-47C5-AD12-0188C2ECE110}
		{100157A5-852A-4F14-9435-E34AB51A8EA6} = {757BCD41-6A3E-476B-82F5-1542D4FEEA68}
		{EE18212C-1B2B-4890-82A2-119CFA0C4627} = {EBD32547-E4EC-47C5-AD12-0188C2ECE110}
		{FCE406DC-4067-49EE-B6E1-08F93EAEB265} = {EE18212C-1B2B-4890-82A2-119CFA0C4627}
		{DE750AEC-C03C-4361-9BC5-4333ADD5FF4B} = {EBD32547-E4EC-47C5-AD12-0188C2ECE110}
		{1F5A0170-6662-470B-B23A-0EC6524724DD} = {DE750AEC-C03C-4361-9BC5-4333ADD5FF4B}
		{34BEBB44-0BD3-43A2-B1C9-4F71945FAE81} = {EBD32547-E4EC-47C5-AD12-0188C2ECE110}
		{7373A1E2-37EC-4E7A-82C0-4CAD74D847E8} = {34BEBB44-0BD3-43A2-B1C9-4F71945FAE81}
		{CE6903DF-A76E-4B9B-8B05-AA3301F2A71C} = {EBD32547-E4EC-47C5-AD12-0188C2ECE110}
		{7C029915-2262-40E1-B3D1-09CA8CB33A5D} = {CE6903DF-A76E-4B9B-8B05-AA3301F2A71C}
		{CB438FE0-4DA6-400C-B77F-FEAD4FDD465C} = {EBD32547-E4EC-47C5-AD12-0188C2ECE110}
		{3E0216B1-C38E-458B-93B2-0F100049A1F3} = {CB438FE0-4DA6-400C-B77F-FEAD4FDD465C}
		{37223B9A-1E9E-443B-A1D2-1CE191A3FED4} = {D0DD1773-D94E-47FC-9310-952C4ECEF69A}
		{BB236970-8BBE-4B93-B687-06200711F3D2} = {37223B9A-1E9E-443B-A1D2-1CE191A3FED4}
		{B733A150-C077-4432-863F-3919784115D0} = {EBD32547-E4EC-47C5-AD12-0188C2ECE110}
		{9B368832-8FFC-4A52-8A69-AC6B5C70793B} = {B733A150-C077-4432-863F-3919784115D0}
		{F44B8592-93F2-48DA-8FB9-F64D8D7F7A82} = {EBD32547-E4EC-47C5-AD12-0188C2ECE110}
		{3D244A91-9117-425E-BFFB-7FD8B659A333} = {F44B8592-93F2-48DA-8FB9-F64D8D7F7A82}
		{79836967-07F0-4266-A761-1E6DA1DF29CF} = {7A4E2EF5-1270-4001-92CD-6BC37E046205}
		{A910E3DF-87DB-4BBD-8CF6-D11A8F2BFE9A} = {79836967-07F0-4266-A761-1E6DA1DF29CF}
		{C75E5DA6-B189-4352-8A87-2C290E16B389} = {CF1C8060-B59A-4F78-B9D2-75FFCB342C96}
		{899A24D7-DF3B-4D53-930F-3D5BFAD29ECA} = {7A4E2EF5-1270-4001-92CD-6BC37E046205}
		{BD2C5373-9EB6-4B30-A6C9-E8A8F3B152A3} = {7A4E2EF5-1270-4001-92CD-6BC37E046205}
		{4BECD576-87E7-4DC5-A592-FD92BF3DF594} = {BD2C5373-9EB6-4B30-A6C9-E8A8F3B152A3}
		{0AB85AAE-206F-4791-A41A-B57A28D2C49D} = {899A24D7-DF3B-4D53-930F-3D5BFAD29ECA}
		{A60257C7-0DF2-4ACE-A4C0-5C15802E8766} = {7A4E2EF5-1270-4001-92CD-6BC37E046205}
		{003E7CF1-AAC9-41CC-9DCC-953CADD48A8E} = {A60257C7-0DF2-4ACE-A4C0-5C15802E8766}
		{F248417C-79BC-49A1-B0C3-BACF4B03F30D} = {D0DD1773-D94E-47FC-9310-952C4ECEF69A}
		{CFDBF051-31BF-414E-9B71-6CB6369A2296} = {F248417C-79BC-49A1-B0C3-BACF4B03F30D}
		{8C08D2A6-E468-471F-943F-9E06D0A6AF57} = {D0DD1773-D94E-47FC-9310-952C4ECEF69A}
		{24C40421-2A0D-45B2-885D-750652EE25BA} = {8C08D2A6-E468-471F-943F-9E06D0A6AF57}
		{61D2EDD3-4C68-4544-A74A-A90DF39D7077} = {7A4E2EF5-1270-4001-92CD-6BC37E046205}
		{79120EC9-6025-4AC0-9A61-0490A8D05ACC} = {61D2EDD3-4C68-4544-A74A-A90DF39D7077}
		{8133C247-B8A2-4DE6-8D21-6912A905C18E} = {EBD32547-E4EC-47C5-AD12-0188C2ECE110}
		{15A46933-9AA5-49F7-9D42-5ABF71088FD3} = {8133C247-B8A2-4DE6-8D21-6912A905C18E}
		{26F5035C-3958-4750-9768-1560D512036B} = {D0DD1773-D94E-47FC-9310-952C4ECEF69A}
		{15F440E2-CF00-45C3-AC31-9E28BC029EA7} = {26F5035C-3958-4750-9768-1560D512036B}
		{84EF8557-6B28-460B-A8BD-CBF196630866} = {7A4E2EF5-1270-4001-92CD-6BC37E046205}
		{BC45A99E-FF3B-4DC3-AE18-F4EB857D04E3} = {84EF8557-6B28-460B-A8BD-CBF196630866}
		{51C5D973-DA4F-4852-BA3B-4BDA1649F408} = {84EF8557-6B28-460B-A8BD-CBF196630866}
		{4DBC19B6-4DB7-415B-B280-D1FAD70F46CB} = {7A4E2EF5-1270-4001-92CD-6BC37E046205}
		{6B0AAA9F-613B-44D5-BD66-BA908F5BE955} = {4DBC19B6-4DB7-415B-B280-D1FAD70F46CB}
		{E923CDBB-6E08-47C7-BDBA-4E3E7FB506A3} = {7A4E2EF5-1270-4001-92CD-6BC37E046205}
		{5581BA78-1B60-4F1F-B5FA-4E5688069003} = {E923CDBB-6E08-47C7-BDBA-4E3E7FB506A3}
		{8CB6BB39-906D-46F7-ACFE-39275E1D78D0} = {EBD32547-E4EC-47C5-AD12-0188C2ECE110}
		{1DBEAE81-F27D-4783-A7CC-1419E511518D} = {8CB6BB39-906D-46F7-ACFE-39275E1D78D0}
		{F1B49CF8-2F45-40F6-9E19-320076B3377C} = {EBD32547-E4EC-47C5-AD12-0188C2ECE110}
		{88B8C3C2-35BB-408B-BFCE-811A05C44981} = {F1B49CF8-2F45-40F6-9E19-320076B3377C}
	EndGlobalSection
	GlobalSection(ExtensibilityGlobals) = postSolution
		SolutionGuid = {7A7C4987-3A11-41A9-8915-5457EF7B5A6F}
		EnterpriseLibraryConfigurationToolBinariesPathV6 = packages\EnterpriseLibrary.Common.6.0.1304.0\lib\NET45;packages\EnterpriseLibrary.TransientFaultHandling.6.0.1304.0\lib\portable-net45+win+wp8;packages\EnterpriseLibrary.TransientFaultHandling.Caching.6.0.1304.0\lib\NET45;packages\EnterpriseLibrary.TransientFaultHandling.Data.6.0.1304.1\lib\NET45;packages\EnterpriseLibrary.TransientFaultHandling.ServiceBus.6.0.1304.0\lib\NET45;packages\EnterpriseLibrary.TransientFaultHandling.WindowsAzure.Storage.6.0.1304.0\lib\NET45;packages\EnterpriseLibrary.TransientFaultHandling.Configuration.6.0.1304.0\lib\NET45
	EndGlobalSection
EndGlobal
