Microsoft Visual Studio Solution File, Format Version 12.00
# Visual Studio Version 17
VisualStudioVersion = 17.3.32825.248
MinimumVisualStudioVersion = 10.0.40219.1
Project("{2150E333-8FDC-42A3-9474-1A3956D46DE8}") = "Feature", "Feature", "{EBD32547-E4EC-47C5-AD12-0188C2ECE110}"
EndProject
Project("{2150E333-8FDC-42A3-9474-1A3956D46DE8}") = "Foundation", "Foundation", "{D0DD1773-D94E-47FC-9310-952C4ECEF69A}"
EndProject
Project("{2150E333-8FDC-42A3-9474-1A3956D46DE8}") = "Project", "Project", "{7A4E2EF5-1270-4001-92CD-6BC37E046205}"
EndProject
Project("{2150E333-8FDC-42A3-9474-1A3956D46DE8}") = "Airport", "Airport", "{2EB8DFF2-D05E-42B8-80B5-720E0BCE01BB}"
EndProject
Project("{2150E333-8FDC-42A3-9474-1A3956D46DE8}") = "Environment", "Environment", "{1EAAC5DE-019B-4D92-875D-6363F3BDEC88}"
	ProjectSection(SolutionItems) = preProject
		Packages.props = Packages.props
	EndProjectSection
EndProject
Project("{FAE04EC0-301F-11D3-BF4B-00C04F79EFBC}") = "Adani.SuperApp.Airport.Environment.Platform", "src\Environment\platform\Adani.SuperApp.Airport.Environment.Platform.csproj", "{5C1CE88D-4FA1-44A1-A87E-E2B406B1AACD}"
EndProject
Project("{FAE04EC0-301F-11D3-BF4B-00C04F79EFBC}") = "Adani.SuperApp.Airport.Feature.StaticPages.Platform", "src\Feature\StaticPages\platform\Adani.SuperApp.Airport.Feature.StaticPages.Platform.csproj", "{07CDC9B4-EAAF-4C46-BD34-11EB9E5FCD47}"
EndProject
Project("{2150E333-8FDC-42A3-9474-1A3956D46DE8}") = "Assets", "Assets", "{285FBB6F-28DD-4B94-8130-A55667164719}"
EndProject
Project("{FAE04EC0-301F-11D3-BF4B-00C04F79EFBC}") = "Adani.SuperApp.Airport.Foundation.Assets.Platform", "src\Foundation\Assets\platform\Adani.SuperApp.Airport.Foundation.Assets.Platform.csproj", "{DFDC89EC-048A-4962-BDAD-9A52E80F32DB}"
EndProject
Project("{2150E333-8FDC-42A3-9474-1A3956D46DE8}") = "StaticPages", "StaticPages", "{3B5D3592-7937-49E7-B66E-FB676B981654}"
EndProject
Project("{FAE04EC0-301F-11D3-BF4B-00C04F79EFBC}") = "Adani.SuperApp.Airport.Project.Airport.Platform", "src\Project\Airport\platform\Adani.SuperApp.Airport.Project.Airport.Platform.csproj", "{652828E5-3A7B-46AE-9649-F714AD7B6B47}"
EndProject
Project("{2150E333-8FDC-42A3-9474-1A3956D46DE8}") = "DutyFreeProductImport", "DutyFreeProductImport", "{A76979DE-2CB3-469E-9F7F-C0CDCF845D3A}"
EndProject
Project("{FAE04EC0-301F-11D3-BF4B-00C04F79EFBC}") = "Adani.SuperApp.Airport.Feature.DutyFreeProductImport.Platform", "src\Feature\DutyfreeProductImport\platform\Adani.SuperApp.Airport.Feature.DutyFreeProductImport.Platform.csproj", "{DBC02A79-22A0-42D4-A96E-5A39CC8C58AB}"
EndProject
Project("{2150E333-8FDC-42A3-9474-1A3956D46DE8}") = "Serialization", "Serialization", "{32839712-01BC-4962-807A-F557C1602262}"
EndProject
Project("{FAE04EC0-301F-11D3-BF4B-00C04F79EFBC}") = "Adani.SuperApp.Airport.Foundation.Serialization.Platform", "src\Foundation\Serialization\platform\Adani.SuperApp.Airport.Foundation.Serialization.Platform.csproj", "{24C40421-2A0D-45B2-885D-750652EE25BA}"
EndProject
Project("{2150E333-8FDC-42A3-9474-1A3956D46DE8}") = "SitecoreHelpers", "SitecoreHelpers", "{992A1AE6-0499-4F3F-BFB1-39092415E35A}"
EndProject
Project("{FAE04EC0-301F-11D3-BF4B-00C04F79EFBC}") = "Adani.SuperApp.Airport.Foundation.SitecoreHelper.Platform", "src\Foundation\SitecoreHelper\platform\Adani.SuperApp.Airport.Foundation.SitecoreHelper.Platform.csproj", "{918BC643-93A7-44F1-B9E5-DBA789291F16}"
EndProject
Project("{2150E333-8FDC-42A3-9474-1A3956D46DE8}") = "Carousel", "Carousel", "{4AC83BC5-FC79-4367-863D-53446D4B992E}"
EndProject
Project("{FAE04EC0-301F-11D3-BF4B-00C04F79EFBC}") = "Adani.SuperApp.Airport.Feature.Carousel.Platform", "src\Feature\Carousel\platform\Adani.SuperApp.Airport.Feature.Carousel.Platform.csproj", "{1197CF79-4121-4952-8C36-EC90D00DFF56}"
EndProject
Project("{2150E333-8FDC-42A3-9474-1A3956D46DE8}") = "BrandListing", "BrandListing", "{621AD8E9-6C5D-4E6D-842F-2297D353FABC}"
EndProject
Project("{FAE04EC0-301F-11D3-BF4B-00C04F79EFBC}") = "Adani.SuperApp.Airport.Feature.BrandListing.Platform", "src\Feature\BrandListing\platform\Adani.SuperApp.Airport.Feature.BrandListing.Platform.csproj", "{2856EF42-903F-492D-9004-16C4C3E18181}"
EndProject
Project("{2150E333-8FDC-42A3-9474-1A3956D46DE8}") = "Widget", "Widget", "{25E95A88-F460-4101-851F-49881E6EF67A}"
EndProject
Project("{FAE04EC0-301F-11D3-BF4B-00C04F79EFBC}") = "Adani.SuperApp.Airport.Feature.Widget.Platform", "src\Feature\Widget\platform\Adani.SuperApp.Airport.Feature.Widget.Platform.csproj", "{7C3A5F96-F339-4B37-9744-9997D9C10CC4}"
EndProject
Project("{2150E333-8FDC-42A3-9474-1A3956D46DE8}") = "Logging", "Logging", "{CF1C8060-B59A-4F78-B9D2-75FFCB342C96}"
EndProject
Project("{9A19103F-16F7-4668-BE54-9A1E7A4F7556}") = "Adani.SuperApp.Airport.Foundation.Logging.Platform", "src\Foundation\Logging\platform\Adani.SuperApp.Airport.Foundation.Logging.Platform.csproj", "{CEDDED4E-B141-470F-9360-954038B254DC}"
EndProject
Project("{2150E333-8FDC-42A3-9474-1A3956D46DE8}") = "ProductSearch", "ProductSearch", "{E20CBD68-671F-451C-9A15-E692DCAC2EA2}"
EndProject
Project("{2150E333-8FDC-42A3-9474-1A3956D46DE8}") = "Search", "Search", "{2F41B647-6976-475A-A1E2-A92B29EE8A61}"
EndProject
Project("{FAE04EC0-301F-11D3-BF4B-00C04F79EFBC}") = "Adani.SuperApp.Airport.Foundation.Search.Platform", "src\Foundation\Search\platform\Adani.SuperApp.Airport.Foundation.Search.Platform.csproj", "{84B1C0B5-0A26-4A34-9E12-4602BC261184}"
EndProject
Project("{FAE04EC0-301F-11D3-BF4B-00C04F79EFBC}") = "Adani.SuperApp.Airport.Feature.ProductSearch.Platform", "src\Feature\ProductSearch\platform\Adani.SuperApp.Airport.Feature.ProductSearch.Platform.csproj", "{DA5C46AF-83BE-4FF9-9D00-792BB5F5B49B}"
EndProject
Project("{2150E333-8FDC-42A3-9474-1A3956D46DE8}") = "FlightSearch", "FlightSearch", "{8606AEA3-861D-4066-BF92-069E110DFA33}"
EndProject
Project("{FAE04EC0-301F-11D3-BF4B-00C04F79EFBC}") = "Adani.SuperApp.Airport.Feature.FlightSearch.Platform", "src\Feature\FlightSearch\platform\Adani.SuperApp.Airport.Feature.FlightSearch.Platform.csproj", "{0CDA191B-7B9D-4D50-A87C-7D116D1D0926}"
EndProject
Project("{2150E333-8FDC-42A3-9474-1A3956D46DE8}") = "Filters", "Filters", "{0FD06557-A7A7-4DD9-A7C2-B19D00CFBFE2}"
EndProject
Project("{FAE04EC0-301F-11D3-BF4B-00C04F79EFBC}") = "Adani.SuperApp.Airport.Feature.Filters.Platform", "src\Feature\Filters\platform\Adani.SuperApp.Airport.Feature.Filters.Platform.csproj", "{4983FE6B-0407-4FD8-B109-C5D728E98E68}"
EndProject
Project("{2150E333-8FDC-42A3-9474-1A3956D46DE8}") = "DataAPI", "DataAPI", "{3767CDA5-B522-438B-A473-12838723FB1A}"
EndProject
Project("{FAE04EC0-301F-11D3-BF4B-00C04F79EFBC}") = "Adani.SuperApp.Airport.Foundation.DataAPI.Platform", "src\Foundation\DataAPI\platform\Adani.SuperApp.Airport.Foundation.DataAPI.Platform.csproj", "{A8CD7025-8344-4EA3-84B2-05AF9D0E6E41}"
EndProject
Project("{2150E333-8FDC-42A3-9474-1A3956D46DE8}") = "Covid", "Covid", "{B8C847C9-97DC-4BE0-AD51-CE52F22FD8CB}"
EndProject
Project("{2150E333-8FDC-42A3-9474-1A3956D46DE8}") = "FAQ", "FAQ", "{D86CF80F-B441-4BCE-A045-72772EAA58FE}"
EndProject
Project("{2150E333-8FDC-42A3-9474-1A3956D46DE8}") = "Pranaam", "Pranaam", "{D188274E-65D5-4DDE-BE16-D1A45A1F2F88}"
EndProject
Project("{FAE04EC0-301F-11D3-BF4B-00C04F79EFBC}") = "Adani.SuperApp.Airport.Feature.Covid", "src\Feature\Covid\platform\Adani.SuperApp.Airport.Feature.Covid.csproj", "{4FA914AB-E3E3-46BD-AD35-FB5B328D42B8}"
EndProject
Project("{FAE04EC0-301F-11D3-BF4B-00C04F79EFBC}") = "Adani.SuperApp.Airport.Feature.FAQ", "src\Feature\FAQ\platform\Adani.SuperApp.Airport.Feature.FAQ.csproj", "{A415C60F-9A8B-4798-A4CA-7B5254276B84}"
EndProject
Project("{FAE04EC0-301F-11D3-BF4B-00C04F79EFBC}") = "Adani.SuperApp.Airport.Feature.Pranaam", "src\Feature\Pranaam\platform\Adani.SuperApp.Airport.Feature.Pranaam.csproj", "{8197B497-B2FB-4A7A-8F32-6448265A574D}"
EndProject
Project("{2150E333-8FDC-42A3-9474-1A3956D46DE8}") = "Media", "Media", "{8F763B3F-2623-4F5B-97B4-5E2167B01229}"
EndProject
Project("{FAE04EC0-301F-11D3-BF4B-00C04F79EFBC}") = "Adani.SuperApp.Airport.Feature.Media.Platform", "src\Feature\Media\platform\Adani.SuperApp.Airport.Feature.Media.Platform.csproj", "{8F1F9761-AE45-46E8-B951-C56E05BA2D38}"
EndProject
Project("{2150E333-8FDC-42A3-9474-1A3956D46DE8}") = "Navigation", "Navigation", "{C6460620-CC63-4BF9-92F1-CDE67733187D}"
EndProject
Project("{FAE04EC0-301F-11D3-BF4B-00C04F79EFBC}") = "Adani.SuperApp.Airport.Feature.Navigation.Platform", "src\Feature\Navigation\platform\Adani.SuperApp.Airport.Feature.Navigation.Platform.csproj", "{514826A6-8560-4873-98FA-152F40D8FCDE}"
EndProject
Project("{2150E333-8FDC-42A3-9474-1A3956D46DE8}") = "Payment", "Payment", "{2F4A1429-E50D-4D99-B02C-53EC4BAEA7AF}"
EndProject
Project("{FAE04EC0-301F-11D3-BF4B-00C04F79EFBC}") = "Adani.SuperApp.Airport.Feature.Payment.Platform", "src\Feature\Payment\Platform\Adani.SuperApp.Airport.Feature.Payment.Platform.csproj", "{9C5BDB41-A93E-489A-9A23-8E27E8A0CD43}"
EndProject
Project("{2150E333-8FDC-42A3-9474-1A3956D46DE8}") = "Master", "Master", "{FA05B25C-D0D3-4FDE-8CDE-0A3F95DCD40D}"
EndProject
Project("{FAE04EC0-301F-11D3-BF4B-00C04F79EFBC}") = "Adani.SuperApp.Airport.Feature.Master.Platform", "src\Feature\Master\platform\Adani.SuperApp.Airport.Feature.Master.Platform.csproj", "{A6E846CA-00A9-4997-B5B7-B6BAE6699DE5}"
EndProject
Project("{2150E333-8FDC-42A3-9474-1A3956D46DE8}") = "Swagger", "Swagger", "{07E50215-2844-48DB-B331-58947A75FE86}"
EndProject
Project("{FAE04EC0-301F-11D3-BF4B-00C04F79EFBC}") = "Adani.SuperApp.Airport.Feature.Swagger.Platform", "src\Feature\Swagger\platform\Adani.SuperApp.Airport.Feature.Swagger.Platform.csproj", "{54676BE5-382A-4443-AF29-26A1E3279C32}"
EndProject
Project("{2150E333-8FDC-42A3-9474-1A3956D46DE8}") = "Theming", "Theming", "{8E971036-634B-43C6-AA4D-7EC6FE995418}"
EndProject
Project("{FAE04EC0-301F-11D3-BF4B-00C04F79EFBC}") = "Adani.SuperApp.Airport.Foundation.Theming.Platform", "src\Foundation\Theming\platform\Adani.SuperApp.Airport.Foundation.Theming.Platform.csproj", "{966E4F8C-055F-4850-A93D-C10332CE8CE1}"
EndProject
Project("{2150E333-8FDC-42A3-9474-1A3956D46DE8}") = "Metadata", "Metadata", "{B1D4D77F-690D-4D3F-A245-F59796149784}"
EndProject
Project("{FAE04EC0-301F-11D3-BF4B-00C04F79EFBC}") = "Adani.SuperApp.Airport.Feature.MetaData.Platform", "src\Feature\Metadata\platform\Adani.SuperApp.Airport.Feature.MetaData.Platform.csproj", "{B15746C3-934B-472A-B562-4E45DA7C674C}"
EndProject
Project("{2150E333-8FDC-42A3-9474-1A3956D46DE8}") = "Loyalty", "Loyalty", "{02D82D41-B265-4758-9138-7477E80E4020}"
EndProject
Project("{FAE04EC0-301F-11D3-BF4B-00C04F79EFBC}") = "Adani.SuperApp.Airport.Feature.Loyalty.Platform", "src\Feature\Loyalty\platform\Adani.SuperApp.Airport.Feature.Loyalty.Platform.csproj", "{4B08BF2F-F7E6-4D74-95CD-626B16486D15}"
EndProject
Project("{2150E333-8FDC-42A3-9474-1A3956D46DE8}") = "SitecoreExtension", "SitecoreExtension", "{4389AAFE-16F8-44F8-9107-E889BD9D103B}"
EndProject
Project("{FAE04EC0-301F-11D3-BF4B-00C04F79EFBC}") = "Adani.SuperApp.Airport.Foundation.SitecoreExtension.Platform", "src\Foundation\SitecoreExt\platform\Adani.SuperApp.Airport.Foundation.SitecoreExtension.Platform.csproj", "{19913D28-FFFB-40CF-881B-61DB84F0A389}"
EndProject
Project("{9A19103F-16F7-4668-BE54-9A1E7A4F7556}") = "Adani.SuperApp.Airport.Feature.Navigation.Platform.Test", "src\Feature\Navigation\tests\Adani.SuperApp.Airport.Feature.Navigation.Platform.Test\Adani.SuperApp.Airport.Feature.Navigation.Platform.Test.csproj", "{6A16F9ED-A07B-4564-AECE-D10C2C7CF004}"
EndProject
Project("{2150E333-8FDC-42A3-9474-1A3956D46DE8}") = "Testing", "Testing", "{B8B36314-78E8-4B12-9014-D75FAF793CDD}"
EndProject
Project("{FAE04EC0-301F-11D3-BF4B-00C04F79EFBC}") = "Adani.SuperApp.Airport.Foundation.Testing", "src\Foundation\Testing\tests\Adani.SuperApp.Airport.Foundation.Testing\Adani.SuperApp.Airport.Foundation.Testing.csproj", "{2B614077-402A-43FF-977F-32E3B358A6A2}"
EndProject
Project("{9A19103F-16F7-4668-BE54-9A1E7A4F7556}") = "Adani.SuperApp.Airport.Feature.Covid.Test", "src\Feature\Covid\tests\Adani.SuperApp.Airport.Feature.Covid.Test\Adani.SuperApp.Airport.Feature.Covid.Test.csproj", "{72FC20CC-1F4A-4094-AD30-7B9CCBFB0FA6}"
EndProject
Project("{2150E333-8FDC-42A3-9474-1A3956D46DE8}") = "ErrorHandling", "ErrorHandling", "{6BBBEEFC-EC2D-4173-8CD2-5D0EE339016E}"
EndProject
Project("{FAE04EC0-301F-11D3-BF4B-00C04F79EFBC}") = "Adani.SuperApp.Airport.Foundation.ErrorHandling.Platform", "src\Foundation\Exception\platform\Adani.SuperApp.Airport.Foundation.ErrorHandling.Platform.csproj", "{66B9605F-2863-464A-9DCD-83132818A205}"
EndProject
Project("{2150E333-8FDC-42A3-9474-1A3956D46DE8}") = "CustomContent", "CustomContent", "{01A9564D-8111-473A-85F8-71759575A13C}"
EndProject
Project("{FAE04EC0-301F-11D3-BF4B-00C04F79EFBC}") = "Adani.SuperApp.Airport.Feature.CustomContent.Platform", "src\Feature\CustomContent\Platform\Adani.SuperApp.Airport.Feature.CustomContent.Platform.csproj", "{277B1EBC-613D-4D2C-8117-C8138BF656D8}"
EndProject
Project("{2150E333-8FDC-42A3-9474-1A3956D46DE8}") = "Dianoga", "Dianoga", "{CCBECFE6-5F6D-487B-BF6D-8774CCE0E61A}"
EndProject
Project("{FAE04EC0-301F-11D3-BF4B-00C04F79EFBC}") = "Adani.SuperApp.Airport.Feature.Dianoga.Platform", "src\Feature\Dianoga\platform\Adani.SuperApp.Airport.Feature.Dianoga.Platform.csproj", "{09482464-50C4-4A49-80BA-9AFE93026383}"
EndProject
Project("{2150E333-8FDC-42A3-9474-1A3956D46DE8}") = "OfferSearch", "OfferSearch", "{C7705279-C431-49AF-9FE1-D2BE147B90E1}"
EndProject
Project("{FAE04EC0-301F-11D3-BF4B-00C04F79EFBC}") = "Adani.SuperApp.Airport.Feature.OfferSearch.Platform", "src\Feature\OfferSearch\platform\Adani.SuperApp.Airport.Feature.OfferSearch.Platform.csproj", "{B753BBB5-5354-4DD1-B5E8-F48B7799B598}"
EndProject
Project("{2150E333-8FDC-42A3-9474-1A3956D46DE8}") = "Profile", "Profile", "{A110C48D-0AF5-4042-9E85-4EDD099AD48F}"
EndProject
Project("{FAE04EC0-301F-11D3-BF4B-00C04F79EFBC}") = "Adani.SuperApp.Airport.Feature.Avatar", "src\Feature\Profile\platform\Adani.SuperApp.Airport.Feature.Avatar.csproj", "{F49410A9-C419-4E40-9DAD-8F4A8DBBA792}"
EndProject
Project("{2150E333-8FDC-42A3-9474-1A3956D46DE8}") = "C2CCreate", "C2CCreate", "{7C920596-0955-45D1-8DA4-A678F1718BFF}"
EndProject
Project("{FAE04EC0-301F-11D3-BF4B-00C04F79EFBC}") = "Adani.SuperApp.Airport.Feature.C2CCreate.Platform", "src\Feature\C2CCreate\Platform\Adani.SuperApp.Airport.Feature.C2CCreate.Platform.csproj", "{285FB84D-AB43-4E95-BEAC-D384DE6FFDF2}"
EndProject
Project("{2150E333-8FDC-42A3-9474-1A3956D46DE8}") = "CabVendor", "CabVendor", "{FC50122D-3D18-4EE3-B0A2-8B090A4F3B95}"
EndProject
Project("{FAE04EC0-301F-11D3-BF4B-00C04F79EFBC}") = "Adani.SuperApp.Airport.Feature.CabVendor.Platform", "src\Feature\CabVendor\platform\Adani.SuperApp.Airport.Feature.CabVendor.Platform.csproj", "{15456892-C2F2-4100-856F-58D99B6C9AAB}"
EndProject
Project("{2150E333-8FDC-42A3-9474-1A3956D46DE8}") = "FNB", "FNB", "{08591847-0B52-4FED-B170-1DBFD429AA8E}"
EndProject
Project("{FAE04EC0-301F-11D3-BF4B-00C04F79EFBC}") = "Adani.SuperApp.Airport.Feature.FNB.Platform", "src\Feature\FNB\Platform\Adani.SuperApp.Airport.Feature.FNB.Platform.csproj", "{ED98D8C5-48C8-450A-9FC1-D864E3DE6682}"
EndProject
Project("{2150E333-8FDC-42A3-9474-1A3956D46DE8}") = "Retail", "Retail", "{F456FD9F-E633-4F88-9110-9CE865282E7F}"
EndProject
Project("{FAE04EC0-301F-11D3-BF4B-00C04F79EFBC}") = "Adani.SuperApp.Airport.Feature.Retail.Platform", "src\Feature\Retail\Platform\Adani.SuperApp.Airport.Feature.Retail.Platform.csproj", "{AAAEFC2F-197E-4B6A-9A24-57190EC850F7}"
EndProject
Project("{2150E333-8FDC-42A3-9474-1A3956D46DE8}") = "Forex", "Forex", "{0973A70F-4E0B-4694-9F85-92ADF40FA3AE}"
EndProject
Project("{FAE04EC0-301F-11D3-BF4B-00C04F79EFBC}") = "Adani.SuperApp.Airport.Feature.Forex.Platform", "src\Feature\Forex\Platform\Adani.SuperApp.Airport.Feature.Forex.Platform.csproj", "{9F7119E1-F190-4C29-A9A6-365D7AB4EFFC}"
EndProject
Project("{2150E333-8FDC-42A3-9474-1A3956D46DE8}") = "SiteMap", "SiteMap", "{9BB13EA2-C9B0-4F3C-BD41-7FAE908A263B}"
EndProject
Project("{FAE04EC0-301F-11D3-BF4B-00C04F79EFBC}") = "Adani.SuperApp.Airport.Feature.SiteMap.Platform", "src\Feature\SiteMap\Adani.SuperApp.Airport.Feature.SiteMap.Platform\Adani.SuperApp.Airport.Feature.SiteMap.Platform.csproj", "{011554E2-2F82-413B-AB51-294DC0006880}"
EndProject
Project("{FAE04EC0-301F-11D3-BF4B-00C04F79EFBC}") = "Adani.SuperApp.Airport.Feature.CarParking.Platform", "src\Feature\CarParking\platform\Adani.SuperApp.Airport.Feature.CarParking.Platform.csproj", "{E01253AE-DAAC-468F-B75E-711EBA096028}"
EndProject
Project("{2150E333-8FDC-42A3-9474-1A3956D46DE8}") = "CarParking", "CarParking", "{27E98D2B-3229-4AEE-9C68-57995BBCACA9}"
EndProject
Project("{2150E333-8FDC-42A3-9474-1A3956D46DE8}") = "Hotels", "Hotels", "{7CFEEFE4-0095-4CCA-991F-D052C5973A1A}"
EndProject
Project("{FAE04EC0-301F-11D3-BF4B-00C04F79EFBC}") = "Adani.SuperApp.Airport.Feature.Hotels.Platform", "src\Feature\Hotels\platform\Adani.SuperApp.Airport.Feature.Hotels.Platform.csproj", "{A182B664-7867-4D6C-879A-D41B66D957FB}"
EndProject
Project("{2150E333-8FDC-42A3-9474-1A3956D46DE8}") = "AdaniOneSEO", "AdaniOneSEO", "{CAE9899E-6CBC-42C2-B832-8A1B337F748D}"
EndProject
Project("{FAE04EC0-301F-11D3-BF4B-00C04F79EFBC}") = "Project.AdaniOneSEO.Website", "src\Project\AdaniOneSEO\Project.AdaniOneSEO.Website.csproj", "{DCD8EF00-A18D-44B6-9613-3F5C1CD4AFBC}"
EndProject
Global
	GlobalSection(SolutionConfigurationPlatforms) = preSolution
		Debug|Any CPU = Debug|Any CPU
		Release|Any CPU = Release|Any CPU
	EndGlobalSection
	GlobalSection(ProjectConfigurationPlatforms) = postSolution
		{5C1CE88D-4FA1-44A1-A87E-E2B406B1AACD}.Debug|Any CPU.ActiveCfg = Debug|Any CPU
		{5C1CE88D-4FA1-44A1-A87E-E2B406B1AACD}.Debug|Any CPU.Build.0 = Debug|Any CPU
		{5C1CE88D-4FA1-44A1-A87E-E2B406B1AACD}.Release|Any CPU.ActiveCfg = Release|Any CPU
		{5C1CE88D-4FA1-44A1-A87E-E2B406B1AACD}.Release|Any CPU.Build.0 = Release|Any CPU
		{07CDC9B4-EAAF-4C46-BD34-11EB9E5FCD47}.Debug|Any CPU.ActiveCfg = Debug|Any CPU
		{07CDC9B4-EAAF-4C46-BD34-11EB9E5FCD47}.Debug|Any CPU.Build.0 = Debug|Any CPU
		{07CDC9B4-EAAF-4C46-BD34-11EB9E5FCD47}.Release|Any CPU.ActiveCfg = Release|Any CPU
		{07CDC9B4-EAAF-4C46-BD34-11EB9E5FCD47}.Release|Any CPU.Build.0 = Release|Any CPU
		{DFDC89EC-048A-4962-BDAD-9A52E80F32DB}.Debug|Any CPU.ActiveCfg = Debug|Any CPU
		{DFDC89EC-048A-4962-BDAD-9A52E80F32DB}.Debug|Any CPU.Build.0 = Debug|Any CPU
		{DFDC89EC-048A-4962-BDAD-9A52E80F32DB}.Release|Any CPU.ActiveCfg = Release|Any CPU
		{DFDC89EC-048A-4962-BDAD-9A52E80F32DB}.Release|Any CPU.Build.0 = Release|Any CPU
		{652828E5-3A7B-46AE-9649-F714AD7B6B47}.Debug|Any CPU.ActiveCfg = Debug|Any CPU
		{652828E5-3A7B-46AE-9649-F714AD7B6B47}.Debug|Any CPU.Build.0 = Debug|Any CPU
		{652828E5-3A7B-46AE-9649-F714AD7B6B47}.Release|Any CPU.ActiveCfg = Release|Any CPU
		{652828E5-3A7B-46AE-9649-F714AD7B6B47}.Release|Any CPU.Build.0 = Release|Any CPU
		{DBC02A79-22A0-42D4-A96E-5A39CC8C58AB}.Debug|Any CPU.ActiveCfg = Debug|Any CPU
		{DBC02A79-22A0-42D4-A96E-5A39CC8C58AB}.Debug|Any CPU.Build.0 = Debug|Any CPU
		{DBC02A79-22A0-42D4-A96E-5A39CC8C58AB}.Release|Any CPU.ActiveCfg = Release|Any CPU
		{DBC02A79-22A0-42D4-A96E-5A39CC8C58AB}.Release|Any CPU.Build.0 = Release|Any CPU
		{24C40421-2A0D-45B2-885D-750652EE25BA}.Debug|Any CPU.ActiveCfg = Debug|Any CPU
		{24C40421-2A0D-45B2-885D-750652EE25BA}.Debug|Any CPU.Build.0 = Debug|Any CPU
		{24C40421-2A0D-45B2-885D-750652EE25BA}.Release|Any CPU.ActiveCfg = Release|Any CPU
		{24C40421-2A0D-45B2-885D-750652EE25BA}.Release|Any CPU.Build.0 = Release|Any CPU
		{918BC643-93A7-44F1-B9E5-DBA789291F16}.Debug|Any CPU.ActiveCfg = Debug|Any CPU
		{918BC643-93A7-44F1-B9E5-DBA789291F16}.Debug|Any CPU.Build.0 = Debug|Any CPU
		{918BC643-93A7-44F1-B9E5-DBA789291F16}.Release|Any CPU.ActiveCfg = Release|Any CPU
		{918BC643-93A7-44F1-B9E5-DBA789291F16}.Release|Any CPU.Build.0 = Release|Any CPU
		{1197CF79-4121-4952-8C36-EC90D00DFF56}.Debug|Any CPU.ActiveCfg = Debug|Any CPU
		{1197CF79-4121-4952-8C36-EC90D00DFF56}.Debug|Any CPU.Build.0 = Debug|Any CPU
		{1197CF79-4121-4952-8C36-EC90D00DFF56}.Release|Any CPU.ActiveCfg = Release|Any CPU
		{1197CF79-4121-4952-8C36-EC90D00DFF56}.Release|Any CPU.Build.0 = Release|Any CPU
		{2856EF42-903F-492D-9004-16C4C3E18181}.Debug|Any CPU.ActiveCfg = Debug|Any CPU
		{2856EF42-903F-492D-9004-16C4C3E18181}.Debug|Any CPU.Build.0 = Debug|Any CPU
		{2856EF42-903F-492D-9004-16C4C3E18181}.Release|Any CPU.ActiveCfg = Release|Any CPU
		{2856EF42-903F-492D-9004-16C4C3E18181}.Release|Any CPU.Build.0 = Release|Any CPU
		{7C3A5F96-F339-4B37-9744-9997D9C10CC4}.Debug|Any CPU.ActiveCfg = Debug|Any CPU
		{7C3A5F96-F339-4B37-9744-9997D9C10CC4}.Debug|Any CPU.Build.0 = Debug|Any CPU
		{7C3A5F96-F339-4B37-9744-9997D9C10CC4}.Release|Any CPU.ActiveCfg = Release|Any CPU
		{7C3A5F96-F339-4B37-9744-9997D9C10CC4}.Release|Any CPU.Build.0 = Release|Any CPU
		{CEDDED4E-B141-470F-9360-954038B254DC}.Debug|Any CPU.ActiveCfg = Debug|Any CPU
		{CEDDED4E-B141-470F-9360-954038B254DC}.Debug|Any CPU.Build.0 = Debug|Any CPU
		{CEDDED4E-B141-470F-9360-954038B254DC}.Release|Any CPU.ActiveCfg = Release|Any CPU
		{CEDDED4E-B141-470F-9360-954038B254DC}.Release|Any CPU.Build.0 = Release|Any CPU
		{84B1C0B5-0A26-4A34-9E12-4602BC261184}.Debug|Any CPU.ActiveCfg = Debug|Any CPU
		{84B1C0B5-0A26-4A34-9E12-4602BC261184}.Debug|Any CPU.Build.0 = Debug|Any CPU
		{84B1C0B5-0A26-4A34-9E12-4602BC261184}.Release|Any CPU.ActiveCfg = Release|Any CPU
		{84B1C0B5-0A26-4A34-9E12-4602BC261184}.Release|Any CPU.Build.0 = Release|Any CPU
		{DA5C46AF-83BE-4FF9-9D00-792BB5F5B49B}.Debug|Any CPU.ActiveCfg = Debug|Any CPU
		{DA5C46AF-83BE-4FF9-9D00-792BB5F5B49B}.Debug|Any CPU.Build.0 = Debug|Any CPU
		{DA5C46AF-83BE-4FF9-9D00-792BB5F5B49B}.Release|Any CPU.ActiveCfg = Release|Any CPU
		{DA5C46AF-83BE-4FF9-9D00-792BB5F5B49B}.Release|Any CPU.Build.0 = Release|Any CPU
		{0CDA191B-7B9D-4D50-A87C-7D116D1D0926}.Debug|Any CPU.ActiveCfg = Debug|Any CPU
		{0CDA191B-7B9D-4D50-A87C-7D116D1D0926}.Debug|Any CPU.Build.0 = Debug|Any CPU
		{0CDA191B-7B9D-4D50-A87C-7D116D1D0926}.Release|Any CPU.ActiveCfg = Release|Any CPU
		{0CDA191B-7B9D-4D50-A87C-7D116D1D0926}.Release|Any CPU.Build.0 = Release|Any CPU
		{4983FE6B-0407-4FD8-B109-C5D728E98E68}.Debug|Any CPU.ActiveCfg = Debug|Any CPU
		{4983FE6B-0407-4FD8-B109-C5D728E98E68}.Debug|Any CPU.Build.0 = Debug|Any CPU
		{4983FE6B-0407-4FD8-B109-C5D728E98E68}.Release|Any CPU.ActiveCfg = Release|Any CPU
		{4983FE6B-0407-4FD8-B109-C5D728E98E68}.Release|Any CPU.Build.0 = Release|Any CPU
		{A8CD7025-8344-4EA3-84B2-05AF9D0E6E41}.Debug|Any CPU.ActiveCfg = Debug|Any CPU
		{A8CD7025-8344-4EA3-84B2-05AF9D0E6E41}.Debug|Any CPU.Build.0 = Debug|Any CPU
		{A8CD7025-8344-4EA3-84B2-05AF9D0E6E41}.Release|Any CPU.ActiveCfg = Release|Any CPU
		{A8CD7025-8344-4EA3-84B2-05AF9D0E6E41}.Release|Any CPU.Build.0 = Release|Any CPU
		{4FA914AB-E3E3-46BD-AD35-FB5B328D42B8}.Debug|Any CPU.ActiveCfg = Debug|Any CPU
		{4FA914AB-E3E3-46BD-AD35-FB5B328D42B8}.Debug|Any CPU.Build.0 = Debug|Any CPU
		{4FA914AB-E3E3-46BD-AD35-FB5B328D42B8}.Release|Any CPU.ActiveCfg = Release|Any CPU
		{4FA914AB-E3E3-46BD-AD35-FB5B328D42B8}.Release|Any CPU.Build.0 = Release|Any CPU
		{A415C60F-9A8B-4798-A4CA-7B5254276B84}.Debug|Any CPU.ActiveCfg = Debug|Any CPU
		{A415C60F-9A8B-4798-A4CA-7B5254276B84}.Debug|Any CPU.Build.0 = Debug|Any CPU
		{A415C60F-9A8B-4798-A4CA-7B5254276B84}.Release|Any CPU.ActiveCfg = Release|Any CPU
		{A415C60F-9A8B-4798-A4CA-7B5254276B84}.Release|Any CPU.Build.0 = Release|Any CPU
		{8197B497-B2FB-4A7A-8F32-6448265A574D}.Debug|Any CPU.ActiveCfg = Debug|Any CPU
		{8197B497-B2FB-4A7A-8F32-6448265A574D}.Debug|Any CPU.Build.0 = Debug|Any CPU
		{8197B497-B2FB-4A7A-8F32-6448265A574D}.Release|Any CPU.ActiveCfg = Release|Any CPU
		{8197B497-B2FB-4A7A-8F32-6448265A574D}.Release|Any CPU.Build.0 = Release|Any CPU
		{8F1F9761-AE45-46E8-B951-C56E05BA2D38}.Debug|Any CPU.ActiveCfg = Debug|Any CPU
		{8F1F9761-AE45-46E8-B951-C56E05BA2D38}.Debug|Any CPU.Build.0 = Debug|Any CPU
		{8F1F9761-AE45-46E8-B951-C56E05BA2D38}.Release|Any CPU.ActiveCfg = Release|Any CPU
		{8F1F9761-AE45-46E8-B951-C56E05BA2D38}.Release|Any CPU.Build.0 = Release|Any CPU
		{514826A6-8560-4873-98FA-152F40D8FCDE}.Debug|Any CPU.ActiveCfg = Debug|Any CPU
		{514826A6-8560-4873-98FA-152F40D8FCDE}.Debug|Any CPU.Build.0 = Debug|Any CPU
		{514826A6-8560-4873-98FA-152F40D8FCDE}.Release|Any CPU.ActiveCfg = Release|Any CPU
		{514826A6-8560-4873-98FA-152F40D8FCDE}.Release|Any CPU.Build.0 = Release|Any CPU
		{9C5BDB41-A93E-489A-9A23-8E27E8A0CD43}.Debug|Any CPU.ActiveCfg = Debug|Any CPU
		{9C5BDB41-A93E-489A-9A23-8E27E8A0CD43}.Debug|Any CPU.Build.0 = Debug|Any CPU
		{9C5BDB41-A93E-489A-9A23-8E27E8A0CD43}.Release|Any CPU.ActiveCfg = Release|Any CPU
		{9C5BDB41-A93E-489A-9A23-8E27E8A0CD43}.Release|Any CPU.Build.0 = Release|Any CPU
		{A6E846CA-00A9-4997-B5B7-B6BAE6699DE5}.Debug|Any CPU.ActiveCfg = Debug|Any CPU
		{A6E846CA-00A9-4997-B5B7-B6BAE6699DE5}.Debug|Any CPU.Build.0 = Debug|Any CPU
		{A6E846CA-00A9-4997-B5B7-B6BAE6699DE5}.Release|Any CPU.ActiveCfg = Release|Any CPU
		{A6E846CA-00A9-4997-B5B7-B6BAE6699DE5}.Release|Any CPU.Build.0 = Release|Any CPU
		{54676BE5-382A-4443-AF29-26A1E3279C32}.Debug|Any CPU.ActiveCfg = Debug|Any CPU
		{54676BE5-382A-4443-AF29-26A1E3279C32}.Debug|Any CPU.Build.0 = Debug|Any CPU
		{54676BE5-382A-4443-AF29-26A1E3279C32}.Release|Any CPU.ActiveCfg = Release|Any CPU
		{54676BE5-382A-4443-AF29-26A1E3279C32}.Release|Any CPU.Build.0 = Release|Any CPU
		{966E4F8C-055F-4850-A93D-C10332CE8CE1}.Debug|Any CPU.ActiveCfg = Debug|Any CPU
		{966E4F8C-055F-4850-A93D-C10332CE8CE1}.Debug|Any CPU.Build.0 = Debug|Any CPU
		{966E4F8C-055F-4850-A93D-C10332CE8CE1}.Release|Any CPU.ActiveCfg = Release|Any CPU
		{966E4F8C-055F-4850-A93D-C10332CE8CE1}.Release|Any CPU.Build.0 = Release|Any CPU
		{B15746C3-934B-472A-B562-4E45DA7C674C}.Debug|Any CPU.ActiveCfg = Debug|Any CPU
		{B15746C3-934B-472A-B562-4E45DA7C674C}.Debug|Any CPU.Build.0 = Debug|Any CPU
		{B15746C3-934B-472A-B562-4E45DA7C674C}.Release|Any CPU.ActiveCfg = Release|Any CPU
		{B15746C3-934B-472A-B562-4E45DA7C674C}.Release|Any CPU.Build.0 = Release|Any CPU
		{4B08BF2F-F7E6-4D74-95CD-626B16486D15}.Debug|Any CPU.ActiveCfg = Debug|Any CPU
		{4B08BF2F-F7E6-4D74-95CD-626B16486D15}.Debug|Any CPU.Build.0 = Debug|Any CPU
		{4B08BF2F-F7E6-4D74-95CD-626B16486D15}.Release|Any CPU.ActiveCfg = Release|Any CPU
		{4B08BF2F-F7E6-4D74-95CD-626B16486D15}.Release|Any CPU.Build.0 = Release|Any CPU
		{19913D28-FFFB-40CF-881B-61DB84F0A389}.Debug|Any CPU.ActiveCfg = Debug|Any CPU
		{19913D28-FFFB-40CF-881B-61DB84F0A389}.Debug|Any CPU.Build.0 = Debug|Any CPU
		{19913D28-FFFB-40CF-881B-61DB84F0A389}.Release|Any CPU.ActiveCfg = Release|Any CPU
		{19913D28-FFFB-40CF-881B-61DB84F0A389}.Release|Any CPU.Build.0 = Release|Any CPU
		{6A16F9ED-A07B-4564-AECE-D10C2C7CF004}.Debug|Any CPU.ActiveCfg = Debug|Any CPU
		{6A16F9ED-A07B-4564-AECE-D10C2C7CF004}.Debug|Any CPU.Build.0 = Debug|Any CPU
		{6A16F9ED-A07B-4564-AECE-D10C2C7CF004}.Release|Any CPU.ActiveCfg = Release|Any CPU
		{6A16F9ED-A07B-4564-AECE-D10C2C7CF004}.Release|Any CPU.Build.0 = Release|Any CPU
		{2B614077-402A-43FF-977F-32E3B358A6A2}.Debug|Any CPU.ActiveCfg = Debug|Any CPU
		{2B614077-402A-43FF-977F-32E3B358A6A2}.Debug|Any CPU.Build.0 = Debug|Any CPU
		{2B614077-402A-43FF-977F-32E3B358A6A2}.Release|Any CPU.ActiveCfg = Release|Any CPU
		{2B614077-402A-43FF-977F-32E3B358A6A2}.Release|Any CPU.Build.0 = Release|Any CPU
		{72FC20CC-1F4A-4094-AD30-7B9CCBFB0FA6}.Debug|Any CPU.ActiveCfg = Debug|Any CPU
		{72FC20CC-1F4A-4094-AD30-7B9CCBFB0FA6}.Debug|Any CPU.Build.0 = Debug|Any CPU
		{72FC20CC-1F4A-4094-AD30-7B9CCBFB0FA6}.Release|Any CPU.ActiveCfg = Release|Any CPU
		{72FC20CC-1F4A-4094-AD30-7B9CCBFB0FA6}.Release|Any CPU.Build.0 = Release|Any CPU
		{66B9605F-2863-464A-9DCD-83132818A205}.Debug|Any CPU.ActiveCfg = Debug|Any CPU
		{66B9605F-2863-464A-9DCD-83132818A205}.Debug|Any CPU.Build.0 = Debug|Any CPU
		{66B9605F-2863-464A-9DCD-83132818A205}.Release|Any CPU.ActiveCfg = Release|Any CPU
		{66B9605F-2863-464A-9DCD-83132818A205}.Release|Any CPU.Build.0 = Release|Any CPU
		{277B1EBC-613D-4D2C-8117-C8138BF656D8}.Debug|Any CPU.ActiveCfg = Debug|Any CPU
		{277B1EBC-613D-4D2C-8117-C8138BF656D8}.Debug|Any CPU.Build.0 = Debug|Any CPU
		{277B1EBC-613D-4D2C-8117-C8138BF656D8}.Release|Any CPU.ActiveCfg = Release|Any CPU
		{277B1EBC-613D-4D2C-8117-C8138BF656D8}.Release|Any CPU.Build.0 = Release|Any CPU
		{09482464-50C4-4A49-80BA-9AFE93026383}.Debug|Any CPU.ActiveCfg = Debug|Any CPU
		{09482464-50C4-4A49-80BA-9AFE93026383}.Debug|Any CPU.Build.0 = Debug|Any CPU
		{09482464-50C4-4A49-80BA-9AFE93026383}.Release|Any CPU.ActiveCfg = Release|Any CPU
		{09482464-50C4-4A49-80BA-9AFE93026383}.Release|Any CPU.Build.0 = Release|Any CPU
		{B753BBB5-5354-4DD1-B5E8-F48B7799B598}.Debug|Any CPU.ActiveCfg = Debug|Any CPU
		{B753BBB5-5354-4DD1-B5E8-F48B7799B598}.Debug|Any CPU.Build.0 = Debug|Any CPU
		{B753BBB5-5354-4DD1-B5E8-F48B7799B598}.Release|Any CPU.ActiveCfg = Release|Any CPU
		{B753BBB5-5354-4DD1-B5E8-F48B7799B598}.Release|Any CPU.Build.0 = Release|Any CPU
		{F49410A9-C419-4E40-9DAD-8F4A8DBBA792}.Debug|Any CPU.ActiveCfg = Debug|Any CPU
		{F49410A9-C419-4E40-9DAD-8F4A8DBBA792}.Debug|Any CPU.Build.0 = Debug|Any CPU
		{F49410A9-C419-4E40-9DAD-8F4A8DBBA792}.Release|Any CPU.ActiveCfg = Release|Any CPU
		{F49410A9-C419-4E40-9DAD-8F4A8DBBA792}.Release|Any CPU.Build.0 = Release|Any CPU
		{285FB84D-AB43-4E95-BEAC-D384DE6FFDF2}.Debug|Any CPU.ActiveCfg = Debug|Any CPU
		{285FB84D-AB43-4E95-BEAC-D384DE6FFDF2}.Debug|Any CPU.Build.0 = Debug|Any CPU
		{285FB84D-AB43-4E95-BEAC-D384DE6FFDF2}.Release|Any CPU.ActiveCfg = Release|Any CPU
		{285FB84D-AB43-4E95-BEAC-D384DE6FFDF2}.Release|Any CPU.Build.0 = Release|Any CPU
		{15456892-C2F2-4100-856F-58D99B6C9AAB}.Debug|Any CPU.ActiveCfg = Debug|Any CPU
		{15456892-C2F2-4100-856F-58D99B6C9AAB}.Debug|Any CPU.Build.0 = Debug|Any CPU
		{15456892-C2F2-4100-856F-58D99B6C9AAB}.Release|Any CPU.ActiveCfg = Release|Any CPU
		{15456892-C2F2-4100-856F-58D99B6C9AAB}.Release|Any CPU.Build.0 = Release|Any CPU
		{ED98D8C5-48C8-450A-9FC1-D864E3DE6682}.Debug|Any CPU.ActiveCfg = Debug|Any CPU
		{ED98D8C5-48C8-450A-9FC1-D864E3DE6682}.Debug|Any CPU.Build.0 = Debug|Any CPU
		{ED98D8C5-48C8-450A-9FC1-D864E3DE6682}.Release|Any CPU.ActiveCfg = Release|Any CPU
		{ED98D8C5-48C8-450A-9FC1-D864E3DE6682}.Release|Any CPU.Build.0 = Release|Any CPU
		{AAAEFC2F-197E-4B6A-9A24-57190EC850F7}.Debug|Any CPU.ActiveCfg = Debug|Any CPU
		{AAAEFC2F-197E-4B6A-9A24-57190EC850F7}.Debug|Any CPU.Build.0 = Debug|Any CPU
		{AAAEFC2F-197E-4B6A-9A24-57190EC850F7}.Release|Any CPU.ActiveCfg = Release|Any CPU
		{AAAEFC2F-197E-4B6A-9A24-57190EC850F7}.Release|Any CPU.Build.0 = Release|Any CPU
		{9F7119E1-F190-4C29-A9A6-365D7AB4EFFC}.Debug|Any CPU.ActiveCfg = Debug|Any CPU
		{9F7119E1-F190-4C29-A9A6-365D7AB4EFFC}.Debug|Any CPU.Build.0 = Debug|Any CPU
		{9F7119E1-F190-4C29-A9A6-365D7AB4EFFC}.Release|Any CPU.ActiveCfg = Release|Any CPU
		{9F7119E1-F190-4C29-A9A6-365D7AB4EFFC}.Release|Any CPU.Build.0 = Release|Any CPU
		{011554E2-2F82-413B-AB51-294DC0006880}.Debug|Any CPU.ActiveCfg = Debug|Any CPU
		{011554E2-2F82-413B-AB51-294DC0006880}.Debug|Any CPU.Build.0 = Debug|Any CPU
		{011554E2-2F82-413B-AB51-294DC0006880}.Release|Any CPU.ActiveCfg = Release|Any CPU
		{011554E2-2F82-413B-AB51-294DC0006880}.Release|Any CPU.Build.0 = Release|Any CPU
		{E01253AE-DAAC-468F-B75E-711EBA096028}.Debug|Any CPU.ActiveCfg = Debug|Any CPU
		{E01253AE-DAAC-468F-B75E-711EBA096028}.Debug|Any CPU.Build.0 = Debug|Any CPU
		{E01253AE-DAAC-468F-B75E-711EBA096028}.Release|Any CPU.ActiveCfg = Release|Any CPU
		{E01253AE-DAAC-468F-B75E-711EBA096028}.Release|Any CPU.Build.0 = Release|Any CPU
		{A182B664-7867-4D6C-879A-D41B66D957FB}.Debug|Any CPU.ActiveCfg = Debug|Any CPU
		{A182B664-7867-4D6C-879A-D41B66D957FB}.Debug|Any CPU.Build.0 = Debug|Any CPU
		{A182B664-7867-4D6C-879A-D41B66D957FB}.Release|Any CPU.ActiveCfg = Release|Any CPU
		{A182B664-7867-4D6C-879A-D41B66D957FB}.Release|Any CPU.Build.0 = Release|Any CPU
		{DCD8EF00-A18D-44B6-9613-3F5C1CD4AFBC}.Debug|Any CPU.ActiveCfg = Debug|Any CPU
		{DCD8EF00-A18D-44B6-9613-3F5C1CD4AFBC}.Debug|Any CPU.Build.0 = Debug|Any CPU
		{DCD8EF00-A18D-44B6-9613-3F5C1CD4AFBC}.Release|Any CPU.ActiveCfg = Release|Any CPU
		{DCD8EF00-A18D-44B6-9613-3F5C1CD4AFBC}.Release|Any CPU.Build.0 = Release|Any CPU
	EndGlobalSection
	GlobalSection(SolutionProperties) = preSolution
		HideSolutionNode = FALSE
	EndGlobalSection
	GlobalSection(NestedProjects) = preSolution
		{2EB8DFF2-D05E-42B8-80B5-720E0BCE01BB} = {7A4E2EF5-1270-4001-92CD-6BC37E046205}
		{5C1CE88D-4FA1-44A1-A87E-E2B406B1AACD} = {1EAAC5DE-019B-4D92-875D-6363F3BDEC88}
		{07CDC9B4-EAAF-4C46-BD34-11EB9E5FCD47} = {3B5D3592-7937-49E7-B66E-FB676B981654}
		{285FBB6F-28DD-4B94-8130-A55667164719} = {D0DD1773-D94E-47FC-9310-952C4ECEF69A}
		{DFDC89EC-048A-4962-BDAD-9A52E80F32DB} = {285FBB6F-28DD-4B94-8130-A55667164719}
		{3B5D3592-7937-49E7-B66E-FB676B981654} = {EBD32547-E4EC-47C5-AD12-0188C2ECE110}
		{652828E5-3A7B-46AE-9649-F714AD7B6B47} = {2EB8DFF2-D05E-42B8-80B5-720E0BCE01BB}
		{A76979DE-2CB3-469E-9F7F-C0CDCF845D3A} = {EBD32547-E4EC-47C5-AD12-0188C2ECE110}
		{DBC02A79-22A0-42D4-A96E-5A39CC8C58AB} = {A76979DE-2CB3-469E-9F7F-C0CDCF845D3A}
		{32839712-01BC-4962-807A-F557C1602262} = {D0DD1773-D94E-47FC-9310-952C4ECEF69A}
		{24C40421-2A0D-45B2-885D-750652EE25BA} = {32839712-01BC-4962-807A-F557C1602262}
		{992A1AE6-0499-4F3F-BFB1-39092415E35A} = {D0DD1773-D94E-47FC-9310-952C4ECEF69A}
		{918BC643-93A7-44F1-B9E5-DBA789291F16} = {992A1AE6-0499-4F3F-BFB1-39092415E35A}
		{4AC83BC5-FC79-4367-863D-53446D4B992E} = {EBD32547-E4EC-47C5-AD12-0188C2ECE110}
		{1197CF79-4121-4952-8C36-EC90D00DFF56} = {4AC83BC5-FC79-4367-863D-53446D4B992E}
		{621AD8E9-6C5D-4E6D-842F-2297D353FABC} = {EBD32547-E4EC-47C5-AD12-0188C2ECE110}
		{2856EF42-903F-492D-9004-16C4C3E18181} = {621AD8E9-6C5D-4E6D-842F-2297D353FABC}
		{25E95A88-F460-4101-851F-49881E6EF67A} = {EBD32547-E4EC-47C5-AD12-0188C2ECE110}
		{7C3A5F96-F339-4B37-9744-9997D9C10CC4} = {25E95A88-F460-4101-851F-49881E6EF67A}
		{CF1C8060-B59A-4F78-B9D2-75FFCB342C96} = {D0DD1773-D94E-47FC-9310-952C4ECEF69A}
		{CEDDED4E-B141-470F-9360-954038B254DC} = {CF1C8060-B59A-4F78-B9D2-75FFCB342C96}
		{E20CBD68-671F-451C-9A15-E692DCAC2EA2} = {EBD32547-E4EC-47C5-AD12-0188C2ECE110}
		{2F41B647-6976-475A-A1E2-A92B29EE8A61} = {D0DD1773-D94E-47FC-9310-952C4ECEF69A}
		{84B1C0B5-0A26-4A34-9E12-4602BC261184} = {2F41B647-6976-475A-A1E2-A92B29EE8A61}
		{DA5C46AF-83BE-4FF9-9D00-792BB5F5B49B} = {E20CBD68-671F-451C-9A15-E692DCAC2EA2}
		{8606AEA3-861D-4066-BF92-069E110DFA33} = {EBD32547-E4EC-47C5-AD12-0188C2ECE110}
		{0CDA191B-7B9D-4D50-A87C-7D116D1D0926} = {8606AEA3-861D-4066-BF92-069E110DFA33}
		{0FD06557-A7A7-4DD9-A7C2-B19D00CFBFE2} = {EBD32547-E4EC-47C5-AD12-0188C2ECE110}
		{4983FE6B-0407-4FD8-B109-C5D728E98E68} = {0FD06557-A7A7-4DD9-A7C2-B19D00CFBFE2}
		{3767CDA5-B522-438B-A473-12838723FB1A} = {D0DD1773-D94E-47FC-9310-952C4ECEF69A}
		{A8CD7025-8344-4EA3-84B2-05AF9D0E6E41} = {3767CDA5-B522-438B-A473-12838723FB1A}
		{B8C847C9-97DC-4BE0-AD51-CE52F22FD8CB} = {EBD32547-E4EC-47C5-AD12-0188C2ECE110}
		{D86CF80F-B441-4BCE-A045-72772EAA58FE} = {EBD32547-E4EC-47C5-AD12-0188C2ECE110}
		{D188274E-65D5-4DDE-BE16-D1A45A1F2F88} = {EBD32547-E4EC-47C5-AD12-0188C2ECE110}
		{4FA914AB-E3E3-46BD-AD35-FB5B328D42B8} = {B8C847C9-97DC-4BE0-AD51-CE52F22FD8CB}
		{A415C60F-9A8B-4798-A4CA-7B5254276B84} = {D86CF80F-B441-4BCE-A045-72772EAA58FE}
		{8197B497-B2FB-4A7A-8F32-6448265A574D} = {D188274E-65D5-4DDE-BE16-D1A45A1F2F88}
		{8F763B3F-2623-4F5B-97B4-5E2167B01229} = {EBD32547-E4EC-47C5-AD12-0188C2ECE110}
		{8F1F9761-AE45-46E8-B951-C56E05BA2D38} = {8F763B3F-2623-4F5B-97B4-5E2167B01229}
		{C6460620-CC63-4BF9-92F1-CDE67733187D} = {EBD32547-E4EC-47C5-AD12-0188C2ECE110}
		{514826A6-8560-4873-98FA-152F40D8FCDE} = {C6460620-CC63-4BF9-92F1-CDE67733187D}
		{2F4A1429-E50D-4D99-B02C-53EC4BAEA7AF} = {EBD32547-E4EC-47C5-AD12-0188C2ECE110}
		{9C5BDB41-A93E-489A-9A23-8E27E8A0CD43} = {2F4A1429-E50D-4D99-B02C-53EC4BAEA7AF}
		{FA05B25C-D0D3-4FDE-8CDE-0A3F95DCD40D} = {EBD32547-E4EC-47C5-AD12-0188C2ECE110}
		{A6E846CA-00A9-4997-B5B7-B6BAE6699DE5} = {FA05B25C-D0D3-4FDE-8CDE-0A3F95DCD40D}
		{07E50215-2844-48DB-B331-58947A75FE86} = {EBD32547-E4EC-47C5-AD12-0188C2ECE110}
		{54676BE5-382A-4443-AF29-26A1E3279C32} = {07E50215-2844-48DB-B331-58947A75FE86}
		{8E971036-634B-43C6-AA4D-7EC6FE995418} = {D0DD1773-D94E-47FC-9310-952C4ECEF69A}
		{966E4F8C-055F-4850-A93D-C10332CE8CE1} = {8E971036-634B-43C6-AA4D-7EC6FE995418}
		{B1D4D77F-690D-4D3F-A245-F59796149784} = {EBD32547-E4EC-47C5-AD12-0188C2ECE110}
		{B15746C3-934B-472A-B562-4E45DA7C674C} = {B1D4D77F-690D-4D3F-A245-F59796149784}
		{02D82D41-B265-4758-9138-7477E80E4020} = {EBD32547-E4EC-47C5-AD12-0188C2ECE110}
		{4B08BF2F-F7E6-4D74-95CD-626B16486D15} = {02D82D41-B265-4758-9138-7477E80E4020}
		{4389AAFE-16F8-44F8-9107-E889BD9D103B} = {D0DD1773-D94E-47FC-9310-952C4ECEF69A}
		{19913D28-FFFB-40CF-881B-61DB84F0A389} = {4389AAFE-16F8-44F8-9107-E889BD9D103B}
		{6A16F9ED-A07B-4564-AECE-D10C2C7CF004} = {C6460620-CC63-4BF9-92F1-CDE67733187D}
		{B8B36314-78E8-4B12-9014-D75FAF793CDD} = {D0DD1773-D94E-47FC-9310-952C4ECEF69A}
		{2B614077-402A-43FF-977F-32E3B358A6A2} = {B8B36314-78E8-4B12-9014-D75FAF793CDD}
		{72FC20CC-1F4A-4094-AD30-7B9CCBFB0FA6} = {B8C847C9-97DC-4BE0-AD51-CE52F22FD8CB}
		{6BBBEEFC-EC2D-4173-8CD2-5D0EE339016E} = {D0DD1773-D94E-47FC-9310-952C4ECEF69A}
		{66B9605F-2863-464A-9DCD-83132818A205} = {6BBBEEFC-EC2D-4173-8CD2-5D0EE339016E}
		{01A9564D-8111-473A-85F8-71759575A13C} = {EBD32547-E4EC-47C5-AD12-0188C2ECE110}
		{277B1EBC-613D-4D2C-8117-C8138BF656D8} = {01A9564D-8111-473A-85F8-71759575A13C}
		{CCBECFE6-5F6D-487B-BF6D-8774CCE0E61A} = {EBD32547-E4EC-47C5-AD12-0188C2ECE110}
		{09482464-50C4-4A49-80BA-9AFE93026383} = {CCBECFE6-5F6D-487B-BF6D-8774CCE0E61A}
		{C7705279-C431-49AF-9FE1-D2BE147B90E1} = {EBD32547-E4EC-47C5-AD12-0188C2ECE110}
		{B753BBB5-5354-4DD1-B5E8-F48B7799B598} = {C7705279-C431-49AF-9FE1-D2BE147B90E1}
		{A110C48D-0AF5-4042-9E85-4EDD099AD48F} = {EBD32547-E4EC-47C5-AD12-0188C2ECE110}
		{F49410A9-C419-4E40-9DAD-8F4A8DBBA792} = {A110C48D-0AF5-4042-9E85-4EDD099AD48F}
		{7C920596-0955-45D1-8DA4-A678F1718BFF} = {EBD32547-E4EC-47C5-AD12-0188C2ECE110}
		{285FB84D-AB43-4E95-BEAC-D384DE6FFDF2} = {7C920596-0955-45D1-8DA4-A678F1718BFF}
		{FC50122D-3D18-4EE3-B0A2-8B090A4F3B95} = {EBD32547-E4EC-47C5-AD12-0188C2ECE110}
		{15456892-C2F2-4100-856F-58D99B6C9AAB} = {FC50122D-3D18-4EE3-B0A2-8B090A4F3B95}
		{08591847-0B52-4FED-B170-1DBFD429AA8E} = {EBD32547-E4EC-47C5-AD12-0188C2ECE110}
		{ED98D8C5-48C8-450A-9FC1-D864E3DE6682} = {08591847-0B52-4FED-B170-1DBFD429AA8E}
		{F456FD9F-E633-4F88-9110-9CE865282E7F} = {EBD32547-E4EC-47C5-AD12-0188C2ECE110}
		{AAAEFC2F-197E-4B6A-9A24-57190EC850F7} = {F456FD9F-E633-4F88-9110-9CE865282E7F}
		{0973A70F-4E0B-4694-9F85-92ADF40FA3AE} = {EBD32547-E4EC-47C5-AD12-0188C2ECE110}
		{9F7119E1-F190-4C29-A9A6-365D7AB4EFFC} = {0973A70F-4E0B-4694-9F85-92ADF40FA3AE}
		{9BB13EA2-C9B0-4F3C-BD41-7FAE908A263B} = {EBD32547-E4EC-47C5-AD12-0188C2ECE110}
		{011554E2-2F82-413B-AB51-294DC0006880} = {9BB13EA2-C9B0-4F3C-BD41-7FAE908A263B}
		{E01253AE-DAAC-468F-B75E-711EBA096028} = {27E98D2B-3229-4AEE-9C68-57995BBCACA9}
		{27E98D2B-3229-4AEE-9C68-57995BBCACA9} = {EBD32547-E4EC-47C5-AD12-0188C2ECE110}
		{7CFEEFE4-0095-4CCA-991F-D052C5973A1A} = {EBD32547-E4EC-47C5-AD12-0188C2ECE110}
		{A182B664-7867-4D6C-879A-D41B66D957FB} = {7CFEEFE4-0095-4CCA-991F-D052C5973A1A}
		{CAE9899E-6CBC-42C2-B832-8A1B337F748D} = {7A4E2EF5-1270-4001-92CD-6BC37E046205}
		{DCD8EF00-A18D-44B6-9613-3F5C1CD4AFBC} = {CAE9899E-6CBC-42C2-B832-8A1B337F748D}
	EndGlobalSection
	GlobalSection(ExtensibilityGlobals) = postSolution
		SolutionGuid = {7A7C4987-3A11-41A9-8915-5457EF7B5A6F}
		EnterpriseLibraryConfigurationToolBinariesPathV6 = packages\EnterpriseLibrary.Common.6.0.1304.0\lib\NET45;packages\EnterpriseLibrary.TransientFaultHandling.6.0.1304.0\lib\portable-net45+win+wp8;packages\EnterpriseLibrary.TransientFaultHandling.Caching.6.0.1304.0\lib\NET45;packages\EnterpriseLibrary.TransientFaultHandling.Data.6.0.1304.1\lib\NET45;packages\EnterpriseLibrary.TransientFaultHandling.ServiceBus.6.0.1304.0\lib\NET45;packages\EnterpriseLibrary.TransientFaultHandling.WindowsAzure.Storage.6.0.1304.0\lib\NET45;packages\EnterpriseLibrary.TransientFaultHandling.Configuration.6.0.1304.0\lib\NET45
	EndGlobalSection
EndGlobal
