
Microsoft Visual Studio Solution File, Format Version 12.00
# Visual Studio Version 17
VisualStudioVersion = 17.6.33829.357
MinimumVisualStudioVersion = 10.0.40219.1
Project("{FAE04EC0-301F-11D3-BF4B-00C04F79EFBC}") = "Sitecore.WesternTransAlipurdar.Website", "Sitecore.WesternTransAlipurdar.Website.csproj", "{5240DA33-B2B6-4AA6-B593-863ED8EBF2E3}"
EndProject
Global
	GlobalSection(SolutionConfigurationPlatforms) = preSolution
		Debug|Any CPU = Debug|Any CPU
		Release|Any CPU = Release|Any CPU
	EndGlobalSection
	GlobalSection(ProjectConfigurationPlatforms) = postSolution
		{5240DA33-B2B6-4AA6-B593-863ED8EBF2E3}.Debug|Any CPU.ActiveCfg = Debug|Any CPU
		{5240DA33-B2B6-4AA6-B593-863ED8EBF2E3}.Debug|Any CPU.Build.0 = Debug|Any CPU
		{5240DA33-B2B6-4AA6-B593-863ED8EBF2E3}.Release|Any CPU.ActiveCfg = Release|Any CPU
		{5240DA33-B2B6-4AA6-B593-863ED8EBF2E3}.Release|Any CPU.Build.0 = Release|Any CPU
	EndGlobalSection
	GlobalSection(SolutionProperties) = preSolution
		HideSolutionNode = FALSE
	EndGlobalSection
	GlobalSection(ExtensibilityGlobals) = postSolution
		SolutionGuid = {E18E9536-2DE8-4E93-8CDF-7C9AA7E8383E}
	EndGlobalSection
EndGlobal
